
Microsoft Visual Studio Solution File, Format Version 12.00
# Visual Studio Version 17
VisualStudioVersion = 17.8.34511.84
MinimumVisualStudioVersion = 10.0.40219.1
Project("{8BC9CEB8-8B4A-11D0-8D11-00A0C91BC942}") = "Knight", "Knight\Knight.vcxproj", "{66CAE725-B06C-4F65-87F3-A2CF4BB913A4}"
	ProjectSection(ProjectDependencies) = postProject
		{E89D61AC-55DE-4482-AFD4-DF7242EBC859} = {E89D61AC-55DE-4482-AFD4-DF7242EBC859}
	EndProjectSection
EndProject
Project("{8BC9CEB8-8B4A-11D0-8D11-00A0C91BC942}") = "raylib", "..\raylib\projects\VS2022\raylib\raylib.vcxproj", "{E89D61AC-55DE-4482-AFD4-DF7242EBC859}"
EndProject
Project("{8BC9CEB8-8B4A-11D0-8D11-00A0C91BC942}") = "Demo1", "Demo1\Demo1.vcxproj", "{29A61D42-2668-4FFA-A41F-56308294442D}"
	ProjectSection(ProjectDependencies) = postProject
		{66CAE725-B06C-4F65-87F3-A2CF4BB913A4} = {66CAE725-B06C-4F65-87F3-A2CF4BB913A4}
		{E89D61AC-55DE-4482-AFD4-DF7242EBC859} = {E89D61AC-55DE-4482-AFD4-DF7242EBC859}
	EndProjectSection
EndProject
Project("{8BC9CEB8-8B4A-11D0-8D11-00A0C91BC942}") = "Demo2a", "Demo2a\Demo2a.vcxproj", "{D2DDCE50-1D7A-47FD-86C0-6D4C2E1BAECD}"
	ProjectSection(ProjectDependencies) = postProject
		{66CAE725-B06C-4F65-87F3-A2CF4BB913A4} = {66CAE725-B06C-4F65-87F3-A2CF4BB913A4}
		{E89D61AC-55DE-4482-AFD4-DF7242EBC859} = {E89D61AC-55DE-4482-AFD4-DF7242EBC859}
	EndProjectSection
EndProject
Project("{8BC9CEB8-8B4A-11D0-8D11-00A0C91BC942}") = "Demo2b", "Demo2b\Demo2b.vcxproj", "{3E0A7879-DCEE-42C3-BDD4-A915C9243652}"
	ProjectSection(ProjectDependencies) = postProject
		{66CAE725-B06C-4F65-87F3-A2CF4BB913A4} = {66CAE725-B06C-4F65-87F3-A2CF4BB913A4}
		{E89D61AC-55DE-4482-AFD4-DF7242EBC859} = {E89D61AC-55DE-4482-AFD4-DF7242EBC859}
	EndProjectSection
EndProject
Project("{8BC9CEB8-8B4A-11D0-8D11-00A0C91BC942}") = "Demo2c", "Demo2c\Demo2c.vcxproj", "{4157F6BB-E583-4EAF-AA48-38035755955F}"
	ProjectSection(ProjectDependencies) = postProject
		{66CAE725-B06C-4F65-87F3-A2CF4BB913A4} = {66CAE725-B06C-4F65-87F3-A2CF4BB913A4}
		{E89D61AC-55DE-4482-AFD4-DF7242EBC859} = {E89D61AC-55DE-4482-AFD4-DF7242EBC859}
	EndProjectSection
EndProject
Project("{8BC9CEB8-8B4A-11D0-8D11-00A0C91BC942}") = "Demo2d", "Demo2d\Demo2d.vcxproj", "{F519F81C-16AF-439B-BC55-ED51F8479A2A}"
	ProjectSection(ProjectDependencies) = postProject
		{66CAE725-B06C-4F65-87F3-A2CF4BB913A4} = {66CAE725-B06C-4F65-87F3-A2CF4BB913A4}
		{E89D61AC-55DE-4482-AFD4-DF7242EBC859} = {E89D61AC-55DE-4482-AFD4-DF7242EBC859}
	EndProjectSection
EndProject
Project("{8BC9CEB8-8B4A-11D0-8D11-00A0C91BC942}") = "Demo2e", "Demo2e\Demo2e.vcxproj", "{6FA9FAE5-D0BA-4F68-AE5C-8097B7D52DD4}"
	ProjectSection(ProjectDependencies) = postProject
		{66CAE725-B06C-4F65-87F3-A2CF4BB913A4} = {66CAE725-B06C-4F65-87F3-A2CF4BB913A4}
		{E89D61AC-55DE-4482-AFD4-DF7242EBC859} = {E89D61AC-55DE-4482-AFD4-DF7242EBC859}
	EndProjectSection
EndProject
Project("{8BC9CEB8-8B4A-11D0-8D11-00A0C91BC942}") = "Demo2f", "Demo2f\Demo2f.vcxproj", "{7585907E-6767-4EE0-ADBE-5F841FE2131A}"
	ProjectSection(ProjectDependencies) = postProject
		{66CAE725-B06C-4F65-87F3-A2CF4BB913A4} = {66CAE725-B06C-4F65-87F3-A2CF4BB913A4}
		{E89D61AC-55DE-4482-AFD4-DF7242EBC859} = {E89D61AC-55DE-4482-AFD4-DF7242EBC859}
	EndProjectSection
EndProject
Project("{8BC9CEB8-8B4A-11D0-8D11-00A0C91BC942}") = "Demo4iso", "Demo4iso\Demo4iso.vcxproj", "{C85D33D0-4F74-4F12-A932-DDCEF0F32E5C}"
	ProjectSection(ProjectDependencies) = postProject
		{66CAE725-B06C-4F65-87F3-A2CF4BB913A4} = {66CAE725-B06C-4F65-87F3-A2CF4BB913A4}
		{E89D61AC-55DE-4482-AFD4-DF7242EBC859} = {E89D61AC-55DE-4482-AFD4-DF7242EBC859}
	EndProjectSection
EndProject
Project("{8BC9CEB8-8B4A-11D0-8D11-00A0C91BC942}") = "Demo4ss", "Demo4ss\Demo4ss.vcxproj", "{976D1A33-91A6-43C3-A7F0-E3BA65FF5C86}"
	ProjectSection(ProjectDependencies) = postProject
		{66CAE725-B06C-4F65-87F3-A2CF4BB913A4} = {66CAE725-B06C-4F65-87F3-A2CF4BB913A4}
		{E89D61AC-55DE-4482-AFD4-DF7242EBC859} = {E89D61AC-55DE-4482-AFD4-DF7242EBC859}
	EndProjectSection
EndProject
Project("{8BC9CEB8-8B4A-11D0-8D11-00A0C91BC942}") = "Demo3a", "Demo3a\Demo3a.vcxproj", "{6CB264F2-D58F-4500-92CA-1764B033AB12}"
	ProjectSection(ProjectDependencies) = postProject
		{66CAE725-B06C-4F65-87F3-A2CF4BB913A4} = {66CAE725-B06C-4F65-87F3-A2CF4BB913A4}
		{E89D61AC-55DE-4482-AFD4-DF7242EBC859} = {E89D61AC-55DE-4482-AFD4-DF7242EBC859}
	EndProjectSection
EndProject
Project("{8BC9CEB8-8B4A-11D0-8D11-00A0C91BC942}") = "Demo3b", "Demo3b\Demo3b.vcxproj", "{A9912B45-4AA5-4ADF-8687-40FDD96AA809}"
	ProjectSection(ProjectDependencies) = postProject
		{66CAE725-B06C-4F65-87F3-A2CF4BB913A4} = {66CAE725-B06C-4F65-87F3-A2CF4BB913A4}
		{E89D61AC-55DE-4482-AFD4-DF7242EBC859} = {E89D61AC-55DE-4482-AFD4-DF7242EBC859}
	EndProjectSection
EndProject
Project("{8BC9CEB8-8B4A-11D0-8D11-00A0C91BC942}") = "Demo3c", "Demo3c\Demo3c.vcxproj", "{04095032-9FDF-4270-AE4D-9D20529ED520}"
	ProjectSection(ProjectDependencies) = postProject
		{66CAE725-B06C-4F65-87F3-A2CF4BB913A4} = {66CAE725-B06C-4F65-87F3-A2CF4BB913A4}
		{E89D61AC-55DE-4482-AFD4-DF7242EBC859} = {E89D61AC-55DE-4482-AFD4-DF7242EBC859}
	EndProjectSection
EndProject
Project("{8BC9CEB8-8B4A-11D0-8D11-00A0C91BC942}") = "Demo3d", "Demo3d\Demo3d.vcxproj", "{D1781B85-88F2-4003-8496-C52400E20397}"
	ProjectSection(ProjectDependencies) = postProject
		{66CAE725-B06C-4F65-87F3-A2CF4BB913A4} = {66CAE725-B06C-4F65-87F3-A2CF4BB913A4}
		{E89D61AC-55DE-4482-AFD4-DF7242EBC859} = {E89D61AC-55DE-4482-AFD4-DF7242EBC859}
	EndProjectSection
EndProject
Project("{8BC9CEB8-8B4A-11D0-8D11-00A0C91BC942}") = "Demo3e", "Demo3e\Demo3e.vcxproj", "{5D82EA27-86C8-4D13-BDD7-9DD785910239}"
	ProjectSection(ProjectDependencies) = postProject
		{66CAE725-B06C-4F65-87F3-A2CF4BB913A4} = {66CAE725-B06C-4F65-87F3-A2CF4BB913A4}
		{E89D61AC-55DE-4482-AFD4-DF7242EBC859} = {E89D61AC-55DE-4482-AFD4-DF7242EBC859}
	EndProjectSection
EndProject
Project("{8BC9CEB8-8B4A-11D0-8D11-00A0C91BC942}") = "Demo3f", "Demo3f\Demo3f.vcxproj", "{3EF47C32-9CD5-4F50-B20A-857EFC6DCD46}"
	ProjectSection(ProjectDependencies) = postProject
		{66CAE725-B06C-4F65-87F3-A2CF4BB913A4} = {66CAE725-B06C-4F65-87F3-A2CF4BB913A4}
		{E89D61AC-55DE-4482-AFD4-DF7242EBC859} = {E89D61AC-55DE-4482-AFD4-DF7242EBC859}
	EndProjectSection
EndProject
Project("{8BC9CEB8-8B4A-11D0-8D11-00A0C91BC942}") = "Demo8a", "Demo8a\Demo8a.vcxproj", "{89CFBF04-72C4-449C-91B5-4834466D4CDE}"
	ProjectSection(ProjectDependencies) = postProject
		{66CAE725-B06C-4F65-87F3-A2CF4BB913A4} = {66CAE725-B06C-4F65-87F3-A2CF4BB913A4}
		{E89D61AC-55DE-4482-AFD4-DF7242EBC859} = {E89D61AC-55DE-4482-AFD4-DF7242EBC859}
	EndProjectSection
EndProject
Project("{8BC9CEB8-8B4A-11D0-8D11-00A0C91BC942}") = "Demo8b", "Demo8b\Demo8b.vcxproj", "{F199FD04-6795-43AE-B339-80803DB9451D}"
	ProjectSection(ProjectDependencies) = postProject
		{66CAE725-B06C-4F65-87F3-A2CF4BB913A4} = {66CAE725-B06C-4F65-87F3-A2CF4BB913A4}
		{E89D61AC-55DE-4482-AFD4-DF7242EBC859} = {E89D61AC-55DE-4482-AFD4-DF7242EBC859}
	EndProjectSection
EndProject
Project("{8BC9CEB8-8B4A-11D0-8D11-00A0C91BC942}") = "Demo8c", "Demo8c\Demo8c.vcxproj", "{659175D6-CFBA-4867-8D88-E04DFDE4D24D}"
	ProjectSection(ProjectDependencies) = postProject
		{66CAE725-B06C-4F65-87F3-A2CF4BB913A4} = {66CAE725-B06C-4F65-87F3-A2CF4BB913A4}
		{E89D61AC-55DE-4482-AFD4-DF7242EBC859} = {E89D61AC-55DE-4482-AFD4-DF7242EBC859}
	EndProjectSection
EndProject
Project("{8BC9CEB8-8B4A-11D0-8D11-00A0C91BC942}") = "Demo4texops", "Demo4texops\Demo4texops.vcxproj", "{F4AAC15D-3E35-4150-A096-19087FF9991E}"
	ProjectSection(ProjectDependencies) = postProject
		{66CAE725-B06C-4F65-87F3-A2CF4BB913A4} = {66CAE725-B06C-4F65-87F3-A2CF4BB913A4}
		{E89D61AC-55DE-4482-AFD4-DF7242EBC859} = {E89D61AC-55DE-4482-AFD4-DF7242EBC859}
	EndProjectSection
EndProject
Project("{8BC9CEB8-8B4A-11D0-8D11-00A0C91BC942}") = "Demo5Ortho", "Demo5Ortho\Demo5Ortho.vcxproj", "{EB472FEC-40E1-409C-A307-1B4E16D3A7AD}"
	ProjectSection(ProjectDependencies) = postProject
		{66CAE725-B06C-4F65-87F3-A2CF4BB913A4} = {66CAE725-B06C-4F65-87F3-A2CF4BB913A4}
		{E89D61AC-55DE-4482-AFD4-DF7242EBC859} = {E89D61AC-55DE-4482-AFD4-DF7242EBC859}
	EndProjectSection
EndProject
Project("{8BC9CEB8-8B4A-11D0-8D11-00A0C91BC942}") = "Demo5FPC", "Demo5FPC\Demo5FPC.vcxproj", "{A105701F-39E1-4DA0-9E14-8F3F0619149A}"
	ProjectSection(ProjectDependencies) = postProject
		{66CAE725-B06C-4F65-87F3-A2CF4BB913A4} = {66CAE725-B06C-4F65-87F3-A2CF4BB913A4}
		{E89D61AC-55DE-4482-AFD4-DF7242EBC859} = {E89D61AC-55DE-4482-AFD4-DF7242EBC859}
	EndProjectSection
EndProject
Project("{8BC9CEB8-8B4A-11D0-8D11-00A0C91BC942}") = "Demo53PV", "Demo53PV\Demo53PV.vcxproj", "{7700D8DC-D59B-4926-BC53-44DC2848E830}"
	ProjectSection(ProjectDependencies) = postProject
		{66CAE725-B06C-4F65-87F3-A2CF4BB913A4} = {66CAE725-B06C-4F65-87F3-A2CF4BB913A4}
		{E89D61AC-55DE-4482-AFD4-DF7242EBC859} = {E89D61AC-55DE-4482-AFD4-DF7242EBC859}
	EndProjectSection
EndProject
Project("{8BC9CEB8-8B4A-11D0-8D11-00A0C91BC942}") = "Demo9a", "Demo9a\Demo9a.vcxproj", "{AC4030A7-BC0B-409D-B84B-15C77AFB5896}"
	ProjectSection(ProjectDependencies) = postProject
		{66CAE725-B06C-4F65-87F3-A2CF4BB913A4} = {66CAE725-B06C-4F65-87F3-A2CF4BB913A4}
		{E89D61AC-55DE-4482-AFD4-DF7242EBC859} = {E89D61AC-55DE-4482-AFD4-DF7242EBC859}
	EndProjectSection
EndProject
Project("{8BC9CEB8-8B4A-11D0-8D11-00A0C91BC942}") = "Demo9b", "Demo9b\Demo9b.vcxproj", "{1CAA53E7-81C5-45A1-90B4-2106C0C6CFF3}"
	ProjectSection(ProjectDependencies) = postProject
		{66CAE725-B06C-4F65-87F3-A2CF4BB913A4} = {66CAE725-B06C-4F65-87F3-A2CF4BB913A4}
		{E89D61AC-55DE-4482-AFD4-DF7242EBC859} = {E89D61AC-55DE-4482-AFD4-DF7242EBC859}
	EndProjectSection
EndProject
Project("{8BC9CEB8-8B4A-11D0-8D11-00A0C91BC942}") = "Demo9c", "Demo9c\Demo9c.vcxproj", "{06485734-F476-4F5D-8298-5E5779B18E10}"
	ProjectSection(ProjectDependencies) = postProject
		{66CAE725-B06C-4F65-87F3-A2CF4BB913A4} = {66CAE725-B06C-4F65-87F3-A2CF4BB913A4}
		{E89D61AC-55DE-4482-AFD4-DF7242EBC859} = {E89D61AC-55DE-4482-AFD4-DF7242EBC859}
	EndProjectSection
EndProject
Project("{8BC9CEB8-8B4A-11D0-8D11-00A0C91BC942}") = "Demo5TrkCam", "Demo5TrkCam\Demo5TrkCam.vcxproj", "{FDE52867-8F9B-4331-B73B-ECBEC9CE7684}"
	ProjectSection(ProjectDependencies) = postProject
		{66CAE725-B06C-4F65-87F3-A2CF4BB913A4} = {66CAE725-B06C-4F65-87F3-A2CF4BB913A4}
		{E89D61AC-55DE-4482-AFD4-DF7242EBC859} = {E89D61AC-55DE-4482-AFD4-DF7242EBC859}
	EndProjectSection
EndProject
Project("{8BC9CEB8-8B4A-11D0-8D11-00A0C91BC942}") = "Demo5RTSCam", "Demo5RTSCam\Demo5RTSCam.vcxproj", "{4271DF97-4D90-496E-BC2C-A2F953A93CD6}"
	ProjectSection(ProjectDependencies) = postProject
		{66CAE725-B06C-4F65-87F3-A2CF4BB913A4} = {66CAE725-B06C-4F65-87F3-A2CF4BB913A4}
		{E89D61AC-55DE-4482-AFD4-DF7242EBC859} = {E89D61AC-55DE-4482-AFD4-DF7242EBC859}
	EndProjectSection
EndProject
Project("{8BC9CEB8-8B4A-11D0-8D11-00A0C91BC942}") = "Demo5MultiCams", "Demo5MultiCams\Demo5MultiCams.vcxproj", "{A9B4C79C-8B1F-4C55-B3F4-67EC9CAE8E51}"
	ProjectSection(ProjectDependencies) = postProject
		{66CAE725-B06C-4F65-87F3-A2CF4BB913A4} = {66CAE725-B06C-4F65-87F3-A2CF4BB913A4}
		{E89D61AC-55DE-4482-AFD4-DF7242EBC859} = {E89D61AC-55DE-4482-AFD4-DF7242EBC859}
	EndProjectSection
EndProject
Project("{8BC9CEB8-8B4A-11D0-8D11-00A0C91BC942}") = "Demo6Light", "Demo6Light\Demo6Light.vcxproj", "{2D3BB978-632F-43E2-A690-507B9B211DE4}"
	ProjectSection(ProjectDependencies) = postProject
		{66CAE725-B06C-4F65-87F3-A2CF4BB913A4} = {66CAE725-B06C-4F65-87F3-A2CF4BB913A4}
		{E89D61AC-55DE-4482-AFD4-DF7242EBC859} = {E89D61AC-55DE-4482-AFD4-DF7242EBC859}
	EndProjectSection
EndProject
Project("{8BC9CEB8-8B4A-11D0-8D11-00A0C91BC942}") = "Demo6NormalMap", "Demo6NormalMap\Demo6NormalMap.vcxproj", "{60524641-77F9-46E3-BEB5-5BB504CE2119}"
	ProjectSection(ProjectDependencies) = postProject
		{66CAE725-B06C-4F65-87F3-A2CF4BB913A4} = {66CAE725-B06C-4F65-87F3-A2CF4BB913A4}
		{E89D61AC-55DE-4482-AFD4-DF7242EBC859} = {E89D61AC-55DE-4482-AFD4-DF7242EBC859}
	EndProjectSection
EndProject
Project("{8BC9CEB8-8B4A-11D0-8D11-00A0C91BC942}") = "Demo6LightShader", "Demo6LightShader\Demo6LightShader.vcxproj", "{2F115DF0-1363-4747-86A3-08DA7B5937E4}"
	ProjectSection(ProjectDependencies) = postProject
		{66CAE725-B06C-4F65-87F3-A2CF4BB913A4} = {66CAE725-B06C-4F65-87F3-A2CF4BB913A4}
		{E89D61AC-55DE-4482-AFD4-DF7242EBC859} = {E89D61AC-55DE-4482-AFD4-DF7242EBC859}
	EndProjectSection
EndProject
Project("{8BC9CEB8-8B4A-11D0-8D11-00A0C91BC942}") = "Demo10", "Demo10\Demo10.vcxproj", "{84741CA4-535D-41C0-A86F-7A71569B1E33}"
	ProjectSection(ProjectDependencies) = postProject
		{66CAE725-B06C-4F65-87F3-A2CF4BB913A4} = {66CAE725-B06C-4F65-87F3-A2CF4BB913A4}
		{E89D61AC-55DE-4482-AFD4-DF7242EBC859} = {E89D61AC-55DE-4482-AFD4-DF7242EBC859}
	EndProjectSection
EndProject
Project("{8BC9CEB8-8B4A-11D0-8D11-00A0C91BC942}") = "Demo7Billboard", "Demo7Billboard\Demo7Billboard.vcxproj", "{875C8DA9-F782-490C-AB97-2A0BD88504D0}"
	ProjectSection(ProjectDependencies) = postProject
		{66CAE725-B06C-4F65-87F3-A2CF4BB913A4} = {66CAE725-B06C-4F65-87F3-A2CF4BB913A4}
		{E89D61AC-55DE-4482-AFD4-DF7242EBC859} = {E89D61AC-55DE-4482-AFD4-DF7242EBC859}
	EndProjectSection
EndProject
Project("{8BC9CEB8-8B4A-11D0-8D11-00A0C91BC942}") = "Demo7Particles", "Demo7Particles\Demo7Particles.vcxproj", "{A76C8F6D-963F-4A1B-9711-4453029BE877}"
	ProjectSection(ProjectDependencies) = postProject
		{66CAE725-B06C-4F65-87F3-A2CF4BB913A4} = {66CAE725-B06C-4F65-87F3-A2CF4BB913A4}
		{E89D61AC-55DE-4482-AFD4-DF7242EBC859} = {E89D61AC-55DE-4482-AFD4-DF7242EBC859}
	EndProjectSection
EndProject
Project("{8BC9CEB8-8B4A-11D0-8D11-00A0C91BC942}") = "Demo7PCFShadow", "Demo7PCFShadow\Demo7PCFShadow.vcxproj", "{1152D0C4-3EC3-4345-B127-27B79BA00B83}"
	ProjectSection(ProjectDependencies) = postProject
		{66CAE725-B06C-4F65-87F3-A2CF4BB913A4} = {66CAE725-B06C-4F65-87F3-A2CF4BB913A4}
		{E89D61AC-55DE-4482-AFD4-DF7242EBC859} = {E89D61AC-55DE-4482-AFD4-DF7242EBC859}
	EndProjectSection
EndProject
Project("{8BC9CEB8-8B4A-11D0-8D11-00A0C91BC942}") = "Demo7HMap", "Demo7HMap\Demo7HMap.vcxproj", "{25204467-C9E0-49E7-8187-F72810EEFCE5}"
EndProject
Project("{8BC9CEB8-8B4A-11D0-8D11-00A0C91BC942}") = "Demo7GameWorld", "Demo7GameWorld\Demo7GameWorld.vcxproj", "{B9CCB601-5300-489B-9139-B714C503B727}"
	ProjectSection(ProjectDependencies) = postProject
		{66CAE725-B06C-4F65-87F3-A2CF4BB913A4} = {66CAE725-B06C-4F65-87F3-A2CF4BB913A4}
		{E89D61AC-55DE-4482-AFD4-DF7242EBC859} = {E89D61AC-55DE-4482-AFD4-DF7242EBC859}
	EndProjectSection
EndProject
Project("{8BC9CEB8-8B4A-11D0-8D11-00A0C91BC942}") = "Demo7SkyBox", "Demo7SkyBox\Demo7SkyBox.vcxproj", "{B62E92FA-1788-483C-97DD-825254D0A4AB}"
EndProject
Global
	GlobalSection(SolutionConfigurationPlatforms) = preSolution
		Debug.DLL|x64 = Debug.DLL|x64
		Debug.DLL|x86 = Debug.DLL|x86
		Debug|x64 = Debug|x64
		Debug|x86 = Debug|x86
		Release.DLL|x64 = Release.DLL|x64
		Release.DLL|x86 = Release.DLL|x86
		Release|x64 = Release|x64
		Release|x86 = Release|x86
	EndGlobalSection
	GlobalSection(ProjectConfigurationPlatforms) = postSolution
		{66CAE725-B06C-4F65-87F3-A2CF4BB913A4}.Debug.DLL|x64.ActiveCfg = Debug|x64
		{66CAE725-B06C-4F65-87F3-A2CF4BB913A4}.Debug.DLL|x64.Build.0 = Debug|x64
		{66CAE725-B06C-4F65-87F3-A2CF4BB913A4}.Debug.DLL|x86.ActiveCfg = Debug|Win32
		{66CAE725-B06C-4F65-87F3-A2CF4BB913A4}.Debug.DLL|x86.Build.0 = Debug|Win32
		{66CAE725-B06C-4F65-87F3-A2CF4BB913A4}.Debug|x64.ActiveCfg = Debug|x64
		{66CAE725-B06C-4F65-87F3-A2CF4BB913A4}.Debug|x64.Build.0 = Debug|x64
		{66CAE725-B06C-4F65-87F3-A2CF4BB913A4}.Debug|x86.ActiveCfg = Debug|Win32
		{66CAE725-B06C-4F65-87F3-A2CF4BB913A4}.Debug|x86.Build.0 = Debug|Win32
		{66CAE725-B06C-4F65-87F3-A2CF4BB913A4}.Release.DLL|x64.ActiveCfg = Release|x64
		{66CAE725-B06C-4F65-87F3-A2CF4BB913A4}.Release.DLL|x64.Build.0 = Release|x64
		{66CAE725-B06C-4F65-87F3-A2CF4BB913A4}.Release.DLL|x86.ActiveCfg = Release|Win32
		{66CAE725-B06C-4F65-87F3-A2CF4BB913A4}.Release.DLL|x86.Build.0 = Release|Win32
		{66CAE725-B06C-4F65-87F3-A2CF4BB913A4}.Release|x64.ActiveCfg = Release|x64
		{66CAE725-B06C-4F65-87F3-A2CF4BB913A4}.Release|x64.Build.0 = Release|x64
		{66CAE725-B06C-4F65-87F3-A2CF4BB913A4}.Release|x86.ActiveCfg = Release|Win32
		{66CAE725-B06C-4F65-87F3-A2CF4BB913A4}.Release|x86.Build.0 = Release|Win32
		{E89D61AC-55DE-4482-AFD4-DF7242EBC859}.Debug.DLL|x64.ActiveCfg = Debug.DLL|x64
		{E89D61AC-55DE-4482-AFD4-DF7242EBC859}.Debug.DLL|x64.Build.0 = Debug.DLL|x64
		{E89D61AC-55DE-4482-AFD4-DF7242EBC859}.Debug.DLL|x86.ActiveCfg = Debug.DLL|Win32
		{E89D61AC-55DE-4482-AFD4-DF7242EBC859}.Debug.DLL|x86.Build.0 = Debug.DLL|Win32
		{E89D61AC-55DE-4482-AFD4-DF7242EBC859}.Debug|x64.ActiveCfg = Debug|x64
		{E89D61AC-55DE-4482-AFD4-DF7242EBC859}.Debug|x64.Build.0 = Debug|x64
		{E89D61AC-55DE-4482-AFD4-DF7242EBC859}.Debug|x86.ActiveCfg = Debug|Win32
		{E89D61AC-55DE-4482-AFD4-DF7242EBC859}.Debug|x86.Build.0 = Debug|Win32
		{E89D61AC-55DE-4482-AFD4-DF7242EBC859}.Release.DLL|x64.ActiveCfg = Release.DLL|x64
		{E89D61AC-55DE-4482-AFD4-DF7242EBC859}.Release.DLL|x64.Build.0 = Release.DLL|x64
		{E89D61AC-55DE-4482-AFD4-DF7242EBC859}.Release.DLL|x86.ActiveCfg = Release.DLL|Win32
		{E89D61AC-55DE-4482-AFD4-DF7242EBC859}.Release.DLL|x86.Build.0 = Release.DLL|Win32
		{E89D61AC-55DE-4482-AFD4-DF7242EBC859}.Release|x64.ActiveCfg = Release|x64
		{E89D61AC-55DE-4482-AFD4-DF7242EBC859}.Release|x64.Build.0 = Release|x64
		{E89D61AC-55DE-4482-AFD4-DF7242EBC859}.Release|x86.ActiveCfg = Release|Win32
		{E89D61AC-55DE-4482-AFD4-DF7242EBC859}.Release|x86.Build.0 = Release|Win32
		{29A61D42-2668-4FFA-A41F-56308294442D}.Debug.DLL|x64.ActiveCfg = Debug|x64
		{29A61D42-2668-4FFA-A41F-56308294442D}.Debug.DLL|x64.Build.0 = Debug|x64
		{29A61D42-2668-4FFA-A41F-56308294442D}.Debug.DLL|x86.ActiveCfg = Debug|Win32
		{29A61D42-2668-4FFA-A41F-56308294442D}.Debug.DLL|x86.Build.0 = Debug|Win32
		{29A61D42-2668-4FFA-A41F-56308294442D}.Debug|x64.ActiveCfg = Debug|x64
		{29A61D42-2668-4FFA-A41F-56308294442D}.Debug|x64.Build.0 = Debug|x64
		{29A61D42-2668-4FFA-A41F-56308294442D}.Debug|x86.ActiveCfg = Debug|Win32
		{29A61D42-2668-4FFA-A41F-56308294442D}.Debug|x86.Build.0 = Debug|Win32
		{29A61D42-2668-4FFA-A41F-56308294442D}.Release.DLL|x64.ActiveCfg = Release|x64
		{29A61D42-2668-4FFA-A41F-56308294442D}.Release.DLL|x64.Build.0 = Release|x64
		{29A61D42-2668-4FFA-A41F-56308294442D}.Release.DLL|x86.ActiveCfg = Release|Win32
		{29A61D42-2668-4FFA-A41F-56308294442D}.Release.DLL|x86.Build.0 = Release|Win32
		{29A61D42-2668-4FFA-A41F-56308294442D}.Release|x64.ActiveCfg = Release|x64
		{29A61D42-2668-4FFA-A41F-56308294442D}.Release|x64.Build.0 = Release|x64
		{29A61D42-2668-4FFA-A41F-56308294442D}.Release|x86.ActiveCfg = Release|Win32
		{29A61D42-2668-4FFA-A41F-56308294442D}.Release|x86.Build.0 = Release|Win32
		{D2DDCE50-1D7A-47FD-86C0-6D4C2E1BAECD}.Debug.DLL|x64.ActiveCfg = Debug|x64
		{D2DDCE50-1D7A-47FD-86C0-6D4C2E1BAECD}.Debug.DLL|x64.Build.0 = Debug|x64
		{D2DDCE50-1D7A-47FD-86C0-6D4C2E1BAECD}.Debug.DLL|x86.ActiveCfg = Debug|Win32
		{D2DDCE50-1D7A-47FD-86C0-6D4C2E1BAECD}.Debug.DLL|x86.Build.0 = Debug|Win32
		{D2DDCE50-1D7A-47FD-86C0-6D4C2E1BAECD}.Debug|x64.ActiveCfg = Debug|x64
		{D2DDCE50-1D7A-47FD-86C0-6D4C2E1BAECD}.Debug|x64.Build.0 = Debug|x64
		{D2DDCE50-1D7A-47FD-86C0-6D4C2E1BAECD}.Debug|x86.ActiveCfg = Debug|Win32
		{D2DDCE50-1D7A-47FD-86C0-6D4C2E1BAECD}.Debug|x86.Build.0 = Debug|Win32
		{D2DDCE50-1D7A-47FD-86C0-6D4C2E1BAECD}.Release.DLL|x64.ActiveCfg = Release|x64
		{D2DDCE50-1D7A-47FD-86C0-6D4C2E1BAECD}.Release.DLL|x64.Build.0 = Release|x64
		{D2DDCE50-1D7A-47FD-86C0-6D4C2E1BAECD}.Release.DLL|x86.ActiveCfg = Release|Win32
		{D2DDCE50-1D7A-47FD-86C0-6D4C2E1BAECD}.Release.DLL|x86.Build.0 = Release|Win32
		{D2DDCE50-1D7A-47FD-86C0-6D4C2E1BAECD}.Release|x64.ActiveCfg = Release|x64
		{D2DDCE50-1D7A-47FD-86C0-6D4C2E1BAECD}.Release|x64.Build.0 = Release|x64
		{D2DDCE50-1D7A-47FD-86C0-6D4C2E1BAECD}.Release|x86.ActiveCfg = Release|Win32
		{D2DDCE50-1D7A-47FD-86C0-6D4C2E1BAECD}.Release|x86.Build.0 = Release|Win32
		{3E0A7879-DCEE-42C3-BDD4-A915C9243652}.Debug.DLL|x64.ActiveCfg = Debug|x64
		{3E0A7879-DCEE-42C3-BDD4-A915C9243652}.Debug.DLL|x64.Build.0 = Debug|x64
		{3E0A7879-DCEE-42C3-BDD4-A915C9243652}.Debug.DLL|x86.ActiveCfg = Debug|Win32
		{3E0A7879-DCEE-42C3-BDD4-A915C9243652}.Debug.DLL|x86.Build.0 = Debug|Win32
		{3E0A7879-DCEE-42C3-BDD4-A915C9243652}.Debug|x64.ActiveCfg = Debug|x64
		{3E0A7879-DCEE-42C3-BDD4-A915C9243652}.Debug|x64.Build.0 = Debug|x64
		{3E0A7879-DCEE-42C3-BDD4-A915C9243652}.Debug|x86.ActiveCfg = Debug|Win32
		{3E0A7879-DCEE-42C3-BDD4-A915C9243652}.Debug|x86.Build.0 = Debug|Win32
		{3E0A7879-DCEE-42C3-BDD4-A915C9243652}.Release.DLL|x64.ActiveCfg = Release|x64
		{3E0A7879-DCEE-42C3-BDD4-A915C9243652}.Release.DLL|x64.Build.0 = Release|x64
		{3E0A7879-DCEE-42C3-BDD4-A915C9243652}.Release.DLL|x86.ActiveCfg = Release|Win32
		{3E0A7879-DCEE-42C3-BDD4-A915C9243652}.Release.DLL|x86.Build.0 = Release|Win32
		{3E0A7879-DCEE-42C3-BDD4-A915C9243652}.Release|x64.ActiveCfg = Release|x64
		{3E0A7879-DCEE-42C3-BDD4-A915C9243652}.Release|x64.Build.0 = Release|x64
		{3E0A7879-DCEE-42C3-BDD4-A915C9243652}.Release|x86.ActiveCfg = Release|Win32
		{3E0A7879-DCEE-42C3-BDD4-A915C9243652}.Release|x86.Build.0 = Release|Win32
		{4157F6BB-E583-4EAF-AA48-38035755955F}.Debug.DLL|x64.ActiveCfg = Debug|x64
		{4157F6BB-E583-4EAF-AA48-38035755955F}.Debug.DLL|x64.Build.0 = Debug|x64
		{4157F6BB-E583-4EAF-AA48-38035755955F}.Debug.DLL|x86.ActiveCfg = Debug|Win32
		{4157F6BB-E583-4EAF-AA48-38035755955F}.Debug.DLL|x86.Build.0 = Debug|Win32
		{4157F6BB-E583-4EAF-AA48-38035755955F}.Debug|x64.ActiveCfg = Debug|x64
		{4157F6BB-E583-4EAF-AA48-38035755955F}.Debug|x64.Build.0 = Debug|x64
		{4157F6BB-E583-4EAF-AA48-38035755955F}.Debug|x86.ActiveCfg = Debug|Win32
		{4157F6BB-E583-4EAF-AA48-38035755955F}.Debug|x86.Build.0 = Debug|Win32
		{4157F6BB-E583-4EAF-AA48-38035755955F}.Release.DLL|x64.ActiveCfg = Release|x64
		{4157F6BB-E583-4EAF-AA48-38035755955F}.Release.DLL|x64.Build.0 = Release|x64
		{4157F6BB-E583-4EAF-AA48-38035755955F}.Release.DLL|x86.ActiveCfg = Release|Win32
		{4157F6BB-E583-4EAF-AA48-38035755955F}.Release.DLL|x86.Build.0 = Release|Win32
		{4157F6BB-E583-4EAF-AA48-38035755955F}.Release|x64.ActiveCfg = Release|x64
		{4157F6BB-E583-4EAF-AA48-38035755955F}.Release|x64.Build.0 = Release|x64
		{4157F6BB-E583-4EAF-AA48-38035755955F}.Release|x86.ActiveCfg = Release|Win32
		{4157F6BB-E583-4EAF-AA48-38035755955F}.Release|x86.Build.0 = Release|Win32
		{F519F81C-16AF-439B-BC55-ED51F8479A2A}.Debug.DLL|x64.ActiveCfg = Debug|x64
		{F519F81C-16AF-439B-BC55-ED51F8479A2A}.Debug.DLL|x64.Build.0 = Debug|x64
		{F519F81C-16AF-439B-BC55-ED51F8479A2A}.Debug.DLL|x86.ActiveCfg = Debug|Win32
		{F519F81C-16AF-439B-BC55-ED51F8479A2A}.Debug.DLL|x86.Build.0 = Debug|Win32
		{F519F81C-16AF-439B-BC55-ED51F8479A2A}.Debug|x64.ActiveCfg = Debug|x64
		{F519F81C-16AF-439B-BC55-ED51F8479A2A}.Debug|x64.Build.0 = Debug|x64
		{F519F81C-16AF-439B-BC55-ED51F8479A2A}.Debug|x86.ActiveCfg = Debug|Win32
		{F519F81C-16AF-439B-BC55-ED51F8479A2A}.Debug|x86.Build.0 = Debug|Win32
		{F519F81C-16AF-439B-BC55-ED51F8479A2A}.Release.DLL|x64.ActiveCfg = Release|x64
		{F519F81C-16AF-439B-BC55-ED51F8479A2A}.Release.DLL|x64.Build.0 = Release|x64
		{F519F81C-16AF-439B-BC55-ED51F8479A2A}.Release.DLL|x86.ActiveCfg = Release|Win32
		{F519F81C-16AF-439B-BC55-ED51F8479A2A}.Release.DLL|x86.Build.0 = Release|Win32
		{F519F81C-16AF-439B-BC55-ED51F8479A2A}.Release|x64.ActiveCfg = Release|x64
		{F519F81C-16AF-439B-BC55-ED51F8479A2A}.Release|x64.Build.0 = Release|x64
		{F519F81C-16AF-439B-BC55-ED51F8479A2A}.Release|x86.ActiveCfg = Release|Win32
		{F519F81C-16AF-439B-BC55-ED51F8479A2A}.Release|x86.Build.0 = Release|Win32
		{6FA9FAE5-D0BA-4F68-AE5C-8097B7D52DD4}.Debug.DLL|x64.ActiveCfg = Debug|x64
		{6FA9FAE5-D0BA-4F68-AE5C-8097B7D52DD4}.Debug.DLL|x64.Build.0 = Debug|x64
		{6FA9FAE5-D0BA-4F68-AE5C-8097B7D52DD4}.Debug.DLL|x86.ActiveCfg = Debug|Win32
		{6FA9FAE5-D0BA-4F68-AE5C-8097B7D52DD4}.Debug.DLL|x86.Build.0 = Debug|Win32
		{6FA9FAE5-D0BA-4F68-AE5C-8097B7D52DD4}.Debug|x64.ActiveCfg = Debug|x64
		{6FA9FAE5-D0BA-4F68-AE5C-8097B7D52DD4}.Debug|x64.Build.0 = Debug|x64
		{6FA9FAE5-D0BA-4F68-AE5C-8097B7D52DD4}.Debug|x86.ActiveCfg = Debug|Win32
		{6FA9FAE5-D0BA-4F68-AE5C-8097B7D52DD4}.Debug|x86.Build.0 = Debug|Win32
		{6FA9FAE5-D0BA-4F68-AE5C-8097B7D52DD4}.Release.DLL|x64.ActiveCfg = Release|x64
		{6FA9FAE5-D0BA-4F68-AE5C-8097B7D52DD4}.Release.DLL|x64.Build.0 = Release|x64
		{6FA9FAE5-D0BA-4F68-AE5C-8097B7D52DD4}.Release.DLL|x86.ActiveCfg = Release|Win32
		{6FA9FAE5-D0BA-4F68-AE5C-8097B7D52DD4}.Release.DLL|x86.Build.0 = Release|Win32
		{6FA9FAE5-D0BA-4F68-AE5C-8097B7D52DD4}.Release|x64.ActiveCfg = Release|x64
		{6FA9FAE5-D0BA-4F68-AE5C-8097B7D52DD4}.Release|x64.Build.0 = Release|x64
		{6FA9FAE5-D0BA-4F68-AE5C-8097B7D52DD4}.Release|x86.ActiveCfg = Release|Win32
		{6FA9FAE5-D0BA-4F68-AE5C-8097B7D52DD4}.Release|x86.Build.0 = Release|Win32
		{7585907E-6767-4EE0-ADBE-5F841FE2131A}.Debug.DLL|x64.ActiveCfg = Debug|x64
		{7585907E-6767-4EE0-ADBE-5F841FE2131A}.Debug.DLL|x64.Build.0 = Debug|x64
		{7585907E-6767-4EE0-ADBE-5F841FE2131A}.Debug.DLL|x86.ActiveCfg = Debug|Win32
		{7585907E-6767-4EE0-ADBE-5F841FE2131A}.Debug.DLL|x86.Build.0 = Debug|Win32
		{7585907E-6767-4EE0-ADBE-5F841FE2131A}.Debug|x64.ActiveCfg = Debug|x64
		{7585907E-6767-4EE0-ADBE-5F841FE2131A}.Debug|x64.Build.0 = Debug|x64
		{7585907E-6767-4EE0-ADBE-5F841FE2131A}.Debug|x86.ActiveCfg = Debug|Win32
		{7585907E-6767-4EE0-ADBE-5F841FE2131A}.Debug|x86.Build.0 = Debug|Win32
		{7585907E-6767-4EE0-ADBE-5F841FE2131A}.Release.DLL|x64.ActiveCfg = Release|x64
		{7585907E-6767-4EE0-ADBE-5F841FE2131A}.Release.DLL|x64.Build.0 = Release|x64
		{7585907E-6767-4EE0-ADBE-5F841FE2131A}.Release.DLL|x86.ActiveCfg = Release|Win32
		{7585907E-6767-4EE0-ADBE-5F841FE2131A}.Release.DLL|x86.Build.0 = Release|Win32
		{7585907E-6767-4EE0-ADBE-5F841FE2131A}.Release|x64.ActiveCfg = Release|x64
		{7585907E-6767-4EE0-ADBE-5F841FE2131A}.Release|x64.Build.0 = Release|x64
		{7585907E-6767-4EE0-ADBE-5F841FE2131A}.Release|x86.ActiveCfg = Release|Win32
		{7585907E-6767-4EE0-ADBE-5F841FE2131A}.Release|x86.Build.0 = Release|Win32
		{C85D33D0-4F74-4F12-A932-DDCEF0F32E5C}.Debug.DLL|x64.ActiveCfg = Debug|x64
		{C85D33D0-4F74-4F12-A932-DDCEF0F32E5C}.Debug.DLL|x64.Build.0 = Debug|x64
		{C85D33D0-4F74-4F12-A932-DDCEF0F32E5C}.Debug.DLL|x86.ActiveCfg = Debug|Win32
		{C85D33D0-4F74-4F12-A932-DDCEF0F32E5C}.Debug.DLL|x86.Build.0 = Debug|Win32
		{C85D33D0-4F74-4F12-A932-DDCEF0F32E5C}.Debug|x64.ActiveCfg = Debug|x64
		{C85D33D0-4F74-4F12-A932-DDCEF0F32E5C}.Debug|x64.Build.0 = Debug|x64
		{C85D33D0-4F74-4F12-A932-DDCEF0F32E5C}.Debug|x86.ActiveCfg = Debug|Win32
		{C85D33D0-4F74-4F12-A932-DDCEF0F32E5C}.Debug|x86.Build.0 = Debug|Win32
		{C85D33D0-4F74-4F12-A932-DDCEF0F32E5C}.Release.DLL|x64.ActiveCfg = Release|x64
		{C85D33D0-4F74-4F12-A932-DDCEF0F32E5C}.Release.DLL|x64.Build.0 = Release|x64
		{C85D33D0-4F74-4F12-A932-DDCEF0F32E5C}.Release.DLL|x86.ActiveCfg = Release|Win32
		{C85D33D0-4F74-4F12-A932-DDCEF0F32E5C}.Release.DLL|x86.Build.0 = Release|Win32
		{C85D33D0-4F74-4F12-A932-DDCEF0F32E5C}.Release|x64.ActiveCfg = Release|x64
		{C85D33D0-4F74-4F12-A932-DDCEF0F32E5C}.Release|x64.Build.0 = Release|x64
		{C85D33D0-4F74-4F12-A932-DDCEF0F32E5C}.Release|x86.ActiveCfg = Release|Win32
		{C85D33D0-4F74-4F12-A932-DDCEF0F32E5C}.Release|x86.Build.0 = Release|Win32
		{976D1A33-91A6-43C3-A7F0-E3BA65FF5C86}.Debug.DLL|x64.ActiveCfg = Debug|x64
		{976D1A33-91A6-43C3-A7F0-E3BA65FF5C86}.Debug.DLL|x64.Build.0 = Debug|x64
		{976D1A33-91A6-43C3-A7F0-E3BA65FF5C86}.Debug.DLL|x86.ActiveCfg = Debug|Win32
		{976D1A33-91A6-43C3-A7F0-E3BA65FF5C86}.Debug.DLL|x86.Build.0 = Debug|Win32
		{976D1A33-91A6-43C3-A7F0-E3BA65FF5C86}.Debug|x64.ActiveCfg = Debug|x64
		{976D1A33-91A6-43C3-A7F0-E3BA65FF5C86}.Debug|x64.Build.0 = Debug|x64
		{976D1A33-91A6-43C3-A7F0-E3BA65FF5C86}.Debug|x86.ActiveCfg = Debug|Win32
		{976D1A33-91A6-43C3-A7F0-E3BA65FF5C86}.Debug|x86.Build.0 = Debug|Win32
		{976D1A33-91A6-43C3-A7F0-E3BA65FF5C86}.Release.DLL|x64.ActiveCfg = Release|x64
		{976D1A33-91A6-43C3-A7F0-E3BA65FF5C86}.Release.DLL|x64.Build.0 = Release|x64
		{976D1A33-91A6-43C3-A7F0-E3BA65FF5C86}.Release.DLL|x86.ActiveCfg = Release|Win32
		{976D1A33-91A6-43C3-A7F0-E3BA65FF5C86}.Release.DLL|x86.Build.0 = Release|Win32
		{976D1A33-91A6-43C3-A7F0-E3BA65FF5C86}.Release|x64.ActiveCfg = Release|x64
		{976D1A33-91A6-43C3-A7F0-E3BA65FF5C86}.Release|x64.Build.0 = Release|x64
		{976D1A33-91A6-43C3-A7F0-E3BA65FF5C86}.Release|x86.ActiveCfg = Release|Win32
		{976D1A33-91A6-43C3-A7F0-E3BA65FF5C86}.Release|x86.Build.0 = Release|Win32
		{6CB264F2-D58F-4500-92CA-1764B033AB12}.Debug.DLL|x64.ActiveCfg = Debug|x64
		{6CB264F2-D58F-4500-92CA-1764B033AB12}.Debug.DLL|x64.Build.0 = Debug|x64
		{6CB264F2-D58F-4500-92CA-1764B033AB12}.Debug.DLL|x86.ActiveCfg = Debug|Win32
		{6CB264F2-D58F-4500-92CA-1764B033AB12}.Debug.DLL|x86.Build.0 = Debug|Win32
		{6CB264F2-D58F-4500-92CA-1764B033AB12}.Debug|x64.ActiveCfg = Debug|x64
		{6CB264F2-D58F-4500-92CA-1764B033AB12}.Debug|x64.Build.0 = Debug|x64
		{6CB264F2-D58F-4500-92CA-1764B033AB12}.Debug|x86.ActiveCfg = Debug|Win32
		{6CB264F2-D58F-4500-92CA-1764B033AB12}.Debug|x86.Build.0 = Debug|Win32
		{6CB264F2-D58F-4500-92CA-1764B033AB12}.Release.DLL|x64.ActiveCfg = Release|x64
		{6CB264F2-D58F-4500-92CA-1764B033AB12}.Release.DLL|x64.Build.0 = Release|x64
		{6CB264F2-D58F-4500-92CA-1764B033AB12}.Release.DLL|x86.ActiveCfg = Release|Win32
		{6CB264F2-D58F-4500-92CA-1764B033AB12}.Release.DLL|x86.Build.0 = Release|Win32
		{6CB264F2-D58F-4500-92CA-1764B033AB12}.Release|x64.ActiveCfg = Release|x64
		{6CB264F2-D58F-4500-92CA-1764B033AB12}.Release|x64.Build.0 = Release|x64
		{6CB264F2-D58F-4500-92CA-1764B033AB12}.Release|x86.ActiveCfg = Release|Win32
		{6CB264F2-D58F-4500-92CA-1764B033AB12}.Release|x86.Build.0 = Release|Win32
		{A9912B45-4AA5-4ADF-8687-40FDD96AA809}.Debug.DLL|x64.ActiveCfg = Debug|x64
		{A9912B45-4AA5-4ADF-8687-40FDD96AA809}.Debug.DLL|x64.Build.0 = Debug|x64
		{A9912B45-4AA5-4ADF-8687-40FDD96AA809}.Debug.DLL|x86.ActiveCfg = Debug|Win32
		{A9912B45-4AA5-4ADF-8687-40FDD96AA809}.Debug.DLL|x86.Build.0 = Debug|Win32
		{A9912B45-4AA5-4ADF-8687-40FDD96AA809}.Debug|x64.ActiveCfg = Debug|x64
		{A9912B45-4AA5-4ADF-8687-40FDD96AA809}.Debug|x64.Build.0 = Debug|x64
		{A9912B45-4AA5-4ADF-8687-40FDD96AA809}.Debug|x86.ActiveCfg = Debug|Win32
		{A9912B45-4AA5-4ADF-8687-40FDD96AA809}.Debug|x86.Build.0 = Debug|Win32
		{A9912B45-4AA5-4ADF-8687-40FDD96AA809}.Release.DLL|x64.ActiveCfg = Release|x64
		{A9912B45-4AA5-4ADF-8687-40FDD96AA809}.Release.DLL|x64.Build.0 = Release|x64
		{A9912B45-4AA5-4ADF-8687-40FDD96AA809}.Release.DLL|x86.ActiveCfg = Release|Win32
		{A9912B45-4AA5-4ADF-8687-40FDD96AA809}.Release.DLL|x86.Build.0 = Release|Win32
		{A9912B45-4AA5-4ADF-8687-40FDD96AA809}.Release|x64.ActiveCfg = Release|x64
		{A9912B45-4AA5-4ADF-8687-40FDD96AA809}.Release|x64.Build.0 = Release|x64
		{A9912B45-4AA5-4ADF-8687-40FDD96AA809}.Release|x86.ActiveCfg = Release|Win32
		{A9912B45-4AA5-4ADF-8687-40FDD96AA809}.Release|x86.Build.0 = Release|Win32
		{04095032-9FDF-4270-AE4D-9D20529ED520}.Debug.DLL|x64.ActiveCfg = Debug|x64
		{04095032-9FDF-4270-AE4D-9D20529ED520}.Debug.DLL|x64.Build.0 = Debug|x64
		{04095032-9FDF-4270-AE4D-9D20529ED520}.Debug.DLL|x86.ActiveCfg = Debug|Win32
		{04095032-9FDF-4270-AE4D-9D20529ED520}.Debug.DLL|x86.Build.0 = Debug|Win32
		{04095032-9FDF-4270-AE4D-9D20529ED520}.Debug|x64.ActiveCfg = Debug|x64
		{04095032-9FDF-4270-AE4D-9D20529ED520}.Debug|x64.Build.0 = Debug|x64
		{04095032-9FDF-4270-AE4D-9D20529ED520}.Debug|x86.ActiveCfg = Debug|Win32
		{04095032-9FDF-4270-AE4D-9D20529ED520}.Debug|x86.Build.0 = Debug|Win32
		{04095032-9FDF-4270-AE4D-9D20529ED520}.Release.DLL|x64.ActiveCfg = Release|x64
		{04095032-9FDF-4270-AE4D-9D20529ED520}.Release.DLL|x64.Build.0 = Release|x64
		{04095032-9FDF-4270-AE4D-9D20529ED520}.Release.DLL|x86.ActiveCfg = Release|Win32
		{04095032-9FDF-4270-AE4D-9D20529ED520}.Release.DLL|x86.Build.0 = Release|Win32
		{04095032-9FDF-4270-AE4D-9D20529ED520}.Release|x64.ActiveCfg = Release|x64
		{04095032-9FDF-4270-AE4D-9D20529ED520}.Release|x64.Build.0 = Release|x64
		{04095032-9FDF-4270-AE4D-9D20529ED520}.Release|x86.ActiveCfg = Release|Win32
		{04095032-9FDF-4270-AE4D-9D20529ED520}.Release|x86.Build.0 = Release|Win32
		{D1781B85-88F2-4003-8496-C52400E20397}.Debug.DLL|x64.ActiveCfg = Debug|x64
		{D1781B85-88F2-4003-8496-C52400E20397}.Debug.DLL|x64.Build.0 = Debug|x64
		{D1781B85-88F2-4003-8496-C52400E20397}.Debug.DLL|x86.ActiveCfg = Debug|Win32
		{D1781B85-88F2-4003-8496-C52400E20397}.Debug.DLL|x86.Build.0 = Debug|Win32
		{D1781B85-88F2-4003-8496-C52400E20397}.Debug|x64.ActiveCfg = Debug|x64
		{D1781B85-88F2-4003-8496-C52400E20397}.Debug|x64.Build.0 = Debug|x64
		{D1781B85-88F2-4003-8496-C52400E20397}.Debug|x86.ActiveCfg = Debug|Win32
		{D1781B85-88F2-4003-8496-C52400E20397}.Debug|x86.Build.0 = Debug|Win32
		{D1781B85-88F2-4003-8496-C52400E20397}.Release.DLL|x64.ActiveCfg = Release|x64
		{D1781B85-88F2-4003-8496-C52400E20397}.Release.DLL|x64.Build.0 = Release|x64
		{D1781B85-88F2-4003-8496-C52400E20397}.Release.DLL|x86.ActiveCfg = Release|Win32
		{D1781B85-88F2-4003-8496-C52400E20397}.Release.DLL|x86.Build.0 = Release|Win32
		{D1781B85-88F2-4003-8496-C52400E20397}.Release|x64.ActiveCfg = Release|x64
		{D1781B85-88F2-4003-8496-C52400E20397}.Release|x64.Build.0 = Release|x64
		{D1781B85-88F2-4003-8496-C52400E20397}.Release|x86.ActiveCfg = Release|Win32
		{D1781B85-88F2-4003-8496-C52400E20397}.Release|x86.Build.0 = Release|Win32
		{5D82EA27-86C8-4D13-BDD7-9DD785910239}.Debug.DLL|x64.ActiveCfg = Debug|x64
		{5D82EA27-86C8-4D13-BDD7-9DD785910239}.Debug.DLL|x64.Build.0 = Debug|x64
		{5D82EA27-86C8-4D13-BDD7-9DD785910239}.Debug.DLL|x86.ActiveCfg = Debug|Win32
		{5D82EA27-86C8-4D13-BDD7-9DD785910239}.Debug.DLL|x86.Build.0 = Debug|Win32
		{5D82EA27-86C8-4D13-BDD7-9DD785910239}.Debug|x64.ActiveCfg = Debug|x64
		{5D82EA27-86C8-4D13-BDD7-9DD785910239}.Debug|x64.Build.0 = Debug|x64
		{5D82EA27-86C8-4D13-BDD7-9DD785910239}.Debug|x86.ActiveCfg = Debug|Win32
		{5D82EA27-86C8-4D13-BDD7-9DD785910239}.Debug|x86.Build.0 = Debug|Win32
		{5D82EA27-86C8-4D13-BDD7-9DD785910239}.Release.DLL|x64.ActiveCfg = Release|x64
		{5D82EA27-86C8-4D13-BDD7-9DD785910239}.Release.DLL|x64.Build.0 = Release|x64
		{5D82EA27-86C8-4D13-BDD7-9DD785910239}.Release.DLL|x86.ActiveCfg = Release|Win32
		{5D82EA27-86C8-4D13-BDD7-9DD785910239}.Release.DLL|x86.Build.0 = Release|Win32
		{5D82EA27-86C8-4D13-BDD7-9DD785910239}.Release|x64.ActiveCfg = Release|x64
		{5D82EA27-86C8-4D13-BDD7-9DD785910239}.Release|x64.Build.0 = Release|x64
		{5D82EA27-86C8-4D13-BDD7-9DD785910239}.Release|x86.ActiveCfg = Release|Win32
		{5D82EA27-86C8-4D13-BDD7-9DD785910239}.Release|x86.Build.0 = Release|Win32
		{3EF47C32-9CD5-4F50-B20A-857EFC6DCD46}.Debug.DLL|x64.ActiveCfg = Debug|x64
		{3EF47C32-9CD5-4F50-B20A-857EFC6DCD46}.Debug.DLL|x64.Build.0 = Debug|x64
		{3EF47C32-9CD5-4F50-B20A-857EFC6DCD46}.Debug.DLL|x86.ActiveCfg = Debug|Win32
		{3EF47C32-9CD5-4F50-B20A-857EFC6DCD46}.Debug.DLL|x86.Build.0 = Debug|Win32
		{3EF47C32-9CD5-4F50-B20A-857EFC6DCD46}.Debug|x64.ActiveCfg = Debug|x64
		{3EF47C32-9CD5-4F50-B20A-857EFC6DCD46}.Debug|x64.Build.0 = Debug|x64
		{3EF47C32-9CD5-4F50-B20A-857EFC6DCD46}.Debug|x86.ActiveCfg = Debug|Win32
		{3EF47C32-9CD5-4F50-B20A-857EFC6DCD46}.Debug|x86.Build.0 = Debug|Win32
		{3EF47C32-9CD5-4F50-B20A-857EFC6DCD46}.Release.DLL|x64.ActiveCfg = Release|x64
		{3EF47C32-9CD5-4F50-B20A-857EFC6DCD46}.Release.DLL|x64.Build.0 = Release|x64
		{3EF47C32-9CD5-4F50-B20A-857EFC6DCD46}.Release.DLL|x86.ActiveCfg = Release|Win32
		{3EF47C32-9CD5-4F50-B20A-857EFC6DCD46}.Release.DLL|x86.Build.0 = Release|Win32
		{3EF47C32-9CD5-4F50-B20A-857EFC6DCD46}.Release|x64.ActiveCfg = Release|x64
		{3EF47C32-9CD5-4F50-B20A-857EFC6DCD46}.Release|x64.Build.0 = Release|x64
		{3EF47C32-9CD5-4F50-B20A-857EFC6DCD46}.Release|x86.ActiveCfg = Release|Win32
		{3EF47C32-9CD5-4F50-B20A-857EFC6DCD46}.Release|x86.Build.0 = Release|Win32
		{89CFBF04-72C4-449C-91B5-4834466D4CDE}.Debug.DLL|x64.ActiveCfg = Debug|x64
		{89CFBF04-72C4-449C-91B5-4834466D4CDE}.Debug.DLL|x64.Build.0 = Debug|x64
		{89CFBF04-72C4-449C-91B5-4834466D4CDE}.Debug.DLL|x86.ActiveCfg = Debug|Win32
		{89CFBF04-72C4-449C-91B5-4834466D4CDE}.Debug.DLL|x86.Build.0 = Debug|Win32
		{89CFBF04-72C4-449C-91B5-4834466D4CDE}.Debug|x64.ActiveCfg = Debug|x64
		{89CFBF04-72C4-449C-91B5-4834466D4CDE}.Debug|x64.Build.0 = Debug|x64
		{89CFBF04-72C4-449C-91B5-4834466D4CDE}.Debug|x86.ActiveCfg = Debug|Win32
		{89CFBF04-72C4-449C-91B5-4834466D4CDE}.Debug|x86.Build.0 = Debug|Win32
		{89CFBF04-72C4-449C-91B5-4834466D4CDE}.Release.DLL|x64.ActiveCfg = Release|x64
		{89CFBF04-72C4-449C-91B5-4834466D4CDE}.Release.DLL|x64.Build.0 = Release|x64
		{89CFBF04-72C4-449C-91B5-4834466D4CDE}.Release.DLL|x86.ActiveCfg = Release|Win32
		{89CFBF04-72C4-449C-91B5-4834466D4CDE}.Release.DLL|x86.Build.0 = Release|Win32
		{89CFBF04-72C4-449C-91B5-4834466D4CDE}.Release|x64.ActiveCfg = Release|x64
		{89CFBF04-72C4-449C-91B5-4834466D4CDE}.Release|x64.Build.0 = Release|x64
		{89CFBF04-72C4-449C-91B5-4834466D4CDE}.Release|x86.ActiveCfg = Release|Win32
		{89CFBF04-72C4-449C-91B5-4834466D4CDE}.Release|x86.Build.0 = Release|Win32
		{F199FD04-6795-43AE-B339-80803DB9451D}.Debug.DLL|x64.ActiveCfg = Debug|x64
		{F199FD04-6795-43AE-B339-80803DB9451D}.Debug.DLL|x64.Build.0 = Debug|x64
		{F199FD04-6795-43AE-B339-80803DB9451D}.Debug.DLL|x86.ActiveCfg = Debug|Win32
		{F199FD04-6795-43AE-B339-80803DB9451D}.Debug.DLL|x86.Build.0 = Debug|Win32
		{F199FD04-6795-43AE-B339-80803DB9451D}.Debug|x64.ActiveCfg = Debug|x64
		{F199FD04-6795-43AE-B339-80803DB9451D}.Debug|x64.Build.0 = Debug|x64
		{F199FD04-6795-43AE-B339-80803DB9451D}.Debug|x86.ActiveCfg = Debug|Win32
		{F199FD04-6795-43AE-B339-80803DB9451D}.Debug|x86.Build.0 = Debug|Win32
		{F199FD04-6795-43AE-B339-80803DB9451D}.Release.DLL|x64.ActiveCfg = Release|x64
		{F199FD04-6795-43AE-B339-80803DB9451D}.Release.DLL|x64.Build.0 = Release|x64
		{F199FD04-6795-43AE-B339-80803DB9451D}.Release.DLL|x86.ActiveCfg = Release|Win32
		{F199FD04-6795-43AE-B339-80803DB9451D}.Release.DLL|x86.Build.0 = Release|Win32
		{F199FD04-6795-43AE-B339-80803DB9451D}.Release|x64.ActiveCfg = Release|x64
		{F199FD04-6795-43AE-B339-80803DB9451D}.Release|x64.Build.0 = Release|x64
		{F199FD04-6795-43AE-B339-80803DB9451D}.Release|x86.ActiveCfg = Release|Win32
		{F199FD04-6795-43AE-B339-80803DB9451D}.Release|x86.Build.0 = Release|Win32
		{659175D6-CFBA-4867-8D88-E04DFDE4D24D}.Debug.DLL|x64.ActiveCfg = Debug|x64
		{659175D6-CFBA-4867-8D88-E04DFDE4D24D}.Debug.DLL|x64.Build.0 = Debug|x64
		{659175D6-CFBA-4867-8D88-E04DFDE4D24D}.Debug.DLL|x86.ActiveCfg = Debug|Win32
		{659175D6-CFBA-4867-8D88-E04DFDE4D24D}.Debug.DLL|x86.Build.0 = Debug|Win32
		{659175D6-CFBA-4867-8D88-E04DFDE4D24D}.Debug|x64.ActiveCfg = Debug|x64
		{659175D6-CFBA-4867-8D88-E04DFDE4D24D}.Debug|x64.Build.0 = Debug|x64
		{659175D6-CFBA-4867-8D88-E04DFDE4D24D}.Debug|x86.ActiveCfg = Debug|Win32
		{659175D6-CFBA-4867-8D88-E04DFDE4D24D}.Debug|x86.Build.0 = Debug|Win32
		{659175D6-CFBA-4867-8D88-E04DFDE4D24D}.Release.DLL|x64.ActiveCfg = Release|x64
		{659175D6-CFBA-4867-8D88-E04DFDE4D24D}.Release.DLL|x64.Build.0 = Release|x64
		{659175D6-CFBA-4867-8D88-E04DFDE4D24D}.Release.DLL|x86.ActiveCfg = Release|Win32
		{659175D6-CFBA-4867-8D88-E04DFDE4D24D}.Release.DLL|x86.Build.0 = Release|Win32
		{659175D6-CFBA-4867-8D88-E04DFDE4D24D}.Release|x64.ActiveCfg = Release|x64
		{659175D6-CFBA-4867-8D88-E04DFDE4D24D}.Release|x64.Build.0 = Release|x64
		{659175D6-CFBA-4867-8D88-E04DFDE4D24D}.Release|x86.ActiveCfg = Release|Win32
		{659175D6-CFBA-4867-8D88-E04DFDE4D24D}.Release|x86.Build.0 = Release|Win32
		{F4AAC15D-3E35-4150-A096-19087FF9991E}.Debug.DLL|x64.ActiveCfg = Debug|x64
		{F4AAC15D-3E35-4150-A096-19087FF9991E}.Debug.DLL|x64.Build.0 = Debug|x64
		{F4AAC15D-3E35-4150-A096-19087FF9991E}.Debug.DLL|x86.ActiveCfg = Debug|Win32
		{F4AAC15D-3E35-4150-A096-19087FF9991E}.Debug.DLL|x86.Build.0 = Debug|Win32
		{F4AAC15D-3E35-4150-A096-19087FF9991E}.Debug|x64.ActiveCfg = Debug|x64
		{F4AAC15D-3E35-4150-A096-19087FF9991E}.Debug|x64.Build.0 = Debug|x64
		{F4AAC15D-3E35-4150-A096-19087FF9991E}.Debug|x86.ActiveCfg = Debug|Win32
		{F4AAC15D-3E35-4150-A096-19087FF9991E}.Debug|x86.Build.0 = Debug|Win32
		{F4AAC15D-3E35-4150-A096-19087FF9991E}.Release.DLL|x64.ActiveCfg = Release|x64
		{F4AAC15D-3E35-4150-A096-19087FF9991E}.Release.DLL|x64.Build.0 = Release|x64
		{F4AAC15D-3E35-4150-A096-19087FF9991E}.Release.DLL|x86.ActiveCfg = Release|Win32
		{F4AAC15D-3E35-4150-A096-19087FF9991E}.Release.DLL|x86.Build.0 = Release|Win32
		{F4AAC15D-3E35-4150-A096-19087FF9991E}.Release|x64.ActiveCfg = Release|x64
		{F4AAC15D-3E35-4150-A096-19087FF9991E}.Release|x64.Build.0 = Release|x64
		{F4AAC15D-3E35-4150-A096-19087FF9991E}.Release|x86.ActiveCfg = Release|Win32
		{F4AAC15D-3E35-4150-A096-19087FF9991E}.Release|x86.Build.0 = Release|Win32
		{EB472FEC-40E1-409C-A307-1B4E16D3A7AD}.Debug.DLL|x64.ActiveCfg = Debug|x64
		{EB472FEC-40E1-409C-A307-1B4E16D3A7AD}.Debug.DLL|x64.Build.0 = Debug|x64
		{EB472FEC-40E1-409C-A307-1B4E16D3A7AD}.Debug.DLL|x86.ActiveCfg = Debug|Win32
		{EB472FEC-40E1-409C-A307-1B4E16D3A7AD}.Debug.DLL|x86.Build.0 = Debug|Win32
		{EB472FEC-40E1-409C-A307-1B4E16D3A7AD}.Debug|x64.ActiveCfg = Debug|x64
		{EB472FEC-40E1-409C-A307-1B4E16D3A7AD}.Debug|x64.Build.0 = Debug|x64
		{EB472FEC-40E1-409C-A307-1B4E16D3A7AD}.Debug|x86.ActiveCfg = Debug|Win32
		{EB472FEC-40E1-409C-A307-1B4E16D3A7AD}.Debug|x86.Build.0 = Debug|Win32
		{EB472FEC-40E1-409C-A307-1B4E16D3A7AD}.Release.DLL|x64.ActiveCfg = Release|x64
		{EB472FEC-40E1-409C-A307-1B4E16D3A7AD}.Release.DLL|x64.Build.0 = Release|x64
		{EB472FEC-40E1-409C-A307-1B4E16D3A7AD}.Release.DLL|x86.ActiveCfg = Release|Win32
		{EB472FEC-40E1-409C-A307-1B4E16D3A7AD}.Release.DLL|x86.Build.0 = Release|Win32
		{EB472FEC-40E1-409C-A307-1B4E16D3A7AD}.Release|x64.ActiveCfg = Release|x64
		{EB472FEC-40E1-409C-A307-1B4E16D3A7AD}.Release|x64.Build.0 = Release|x64
		{EB472FEC-40E1-409C-A307-1B4E16D3A7AD}.Release|x86.ActiveCfg = Release|Win32
		{EB472FEC-40E1-409C-A307-1B4E16D3A7AD}.Release|x86.Build.0 = Release|Win32
		{A105701F-39E1-4DA0-9E14-8F3F0619149A}.Debug.DLL|x64.ActiveCfg = Debug|x64
		{A105701F-39E1-4DA0-9E14-8F3F0619149A}.Debug.DLL|x64.Build.0 = Debug|x64
		{A105701F-39E1-4DA0-9E14-8F3F0619149A}.Debug.DLL|x86.ActiveCfg = Debug|Win32
		{A105701F-39E1-4DA0-9E14-8F3F0619149A}.Debug.DLL|x86.Build.0 = Debug|Win32
		{A105701F-39E1-4DA0-9E14-8F3F0619149A}.Debug|x64.ActiveCfg = Debug|x64
		{A105701F-39E1-4DA0-9E14-8F3F0619149A}.Debug|x64.Build.0 = Debug|x64
		{A105701F-39E1-4DA0-9E14-8F3F0619149A}.Debug|x86.ActiveCfg = Debug|Win32
		{A105701F-39E1-4DA0-9E14-8F3F0619149A}.Debug|x86.Build.0 = Debug|Win32
		{A105701F-39E1-4DA0-9E14-8F3F0619149A}.Release.DLL|x64.ActiveCfg = Release|x64
		{A105701F-39E1-4DA0-9E14-8F3F0619149A}.Release.DLL|x64.Build.0 = Release|x64
		{A105701F-39E1-4DA0-9E14-8F3F0619149A}.Release.DLL|x86.ActiveCfg = Release|Win32
		{A105701F-39E1-4DA0-9E14-8F3F0619149A}.Release.DLL|x86.Build.0 = Release|Win32
		{A105701F-39E1-4DA0-9E14-8F3F0619149A}.Release|x64.ActiveCfg = Release|x64
		{A105701F-39E1-4DA0-9E14-8F3F0619149A}.Release|x64.Build.0 = Release|x64
		{A105701F-39E1-4DA0-9E14-8F3F0619149A}.Release|x86.ActiveCfg = Release|Win32
		{A105701F-39E1-4DA0-9E14-8F3F0619149A}.Release|x86.Build.0 = Release|Win32
		{7700D8DC-D59B-4926-BC53-44DC2848E830}.Debug.DLL|x64.ActiveCfg = Debug|x64
		{7700D8DC-D59B-4926-BC53-44DC2848E830}.Debug.DLL|x64.Build.0 = Debug|x64
		{7700D8DC-D59B-4926-BC53-44DC2848E830}.Debug.DLL|x86.ActiveCfg = Debug|Win32
		{7700D8DC-D59B-4926-BC53-44DC2848E830}.Debug.DLL|x86.Build.0 = Debug|Win32
		{7700D8DC-D59B-4926-BC53-44DC2848E830}.Debug|x64.ActiveCfg = Debug|x64
		{7700D8DC-D59B-4926-BC53-44DC2848E830}.Debug|x64.Build.0 = Debug|x64
		{7700D8DC-D59B-4926-BC53-44DC2848E830}.Debug|x86.ActiveCfg = Debug|Win32
		{7700D8DC-D59B-4926-BC53-44DC2848E830}.Debug|x86.Build.0 = Debug|Win32
		{7700D8DC-D59B-4926-BC53-44DC2848E830}.Release.DLL|x64.ActiveCfg = Release|x64
		{7700D8DC-D59B-4926-BC53-44DC2848E830}.Release.DLL|x64.Build.0 = Release|x64
		{7700D8DC-D59B-4926-BC53-44DC2848E830}.Release.DLL|x86.ActiveCfg = Release|Win32
		{7700D8DC-D59B-4926-BC53-44DC2848E830}.Release.DLL|x86.Build.0 = Release|Win32
		{7700D8DC-D59B-4926-BC53-44DC2848E830}.Release|x64.ActiveCfg = Release|x64
		{7700D8DC-D59B-4926-BC53-44DC2848E830}.Release|x64.Build.0 = Release|x64
		{7700D8DC-D59B-4926-BC53-44DC2848E830}.Release|x86.ActiveCfg = Release|Win32
		{7700D8DC-D59B-4926-BC53-44DC2848E830}.Release|x86.Build.0 = Release|Win32
		{AC4030A7-BC0B-409D-B84B-15C77AFB5896}.Debug.DLL|x64.ActiveCfg = Debug|x64
		{AC4030A7-BC0B-409D-B84B-15C77AFB5896}.Debug.DLL|x64.Build.0 = Debug|x64
		{AC4030A7-BC0B-409D-B84B-15C77AFB5896}.Debug.DLL|x86.ActiveCfg = Debug|Win32
		{AC4030A7-BC0B-409D-B84B-15C77AFB5896}.Debug.DLL|x86.Build.0 = Debug|Win32
		{AC4030A7-BC0B-409D-B84B-15C77AFB5896}.Debug|x64.ActiveCfg = Debug|x64
		{AC4030A7-BC0B-409D-B84B-15C77AFB5896}.Debug|x64.Build.0 = Debug|x64
		{AC4030A7-BC0B-409D-B84B-15C77AFB5896}.Debug|x86.ActiveCfg = Debug|Win32
		{AC4030A7-BC0B-409D-B84B-15C77AFB5896}.Debug|x86.Build.0 = Debug|Win32
		{AC4030A7-BC0B-409D-B84B-15C77AFB5896}.Release.DLL|x64.ActiveCfg = Release|x64
		{AC4030A7-BC0B-409D-B84B-15C77AFB5896}.Release.DLL|x64.Build.0 = Release|x64
		{AC4030A7-BC0B-409D-B84B-15C77AFB5896}.Release.DLL|x86.ActiveCfg = Release|Win32
		{AC4030A7-BC0B-409D-B84B-15C77AFB5896}.Release.DLL|x86.Build.0 = Release|Win32
		{AC4030A7-BC0B-409D-B84B-15C77AFB5896}.Release|x64.ActiveCfg = Release|x64
		{AC4030A7-BC0B-409D-B84B-15C77AFB5896}.Release|x64.Build.0 = Release|x64
		{AC4030A7-BC0B-409D-B84B-15C77AFB5896}.Release|x86.ActiveCfg = Release|Win32
		{AC4030A7-BC0B-409D-B84B-15C77AFB5896}.Release|x86.Build.0 = Release|Win32
		{1CAA53E7-81C5-45A1-90B4-2106C0C6CFF3}.Debug.DLL|x64.ActiveCfg = Debug|x64
		{1CAA53E7-81C5-45A1-90B4-2106C0C6CFF3}.Debug.DLL|x64.Build.0 = Debug|x64
		{1CAA53E7-81C5-45A1-90B4-2106C0C6CFF3}.Debug.DLL|x86.ActiveCfg = Debug|Win32
		{1CAA53E7-81C5-45A1-90B4-2106C0C6CFF3}.Debug.DLL|x86.Build.0 = Debug|Win32
		{1CAA53E7-81C5-45A1-90B4-2106C0C6CFF3}.Debug|x64.ActiveCfg = Debug|x64
		{1CAA53E7-81C5-45A1-90B4-2106C0C6CFF3}.Debug|x64.Build.0 = Debug|x64
		{1CAA53E7-81C5-45A1-90B4-2106C0C6CFF3}.Debug|x86.ActiveCfg = Debug|Win32
		{1CAA53E7-81C5-45A1-90B4-2106C0C6CFF3}.Debug|x86.Build.0 = Debug|Win32
		{1CAA53E7-81C5-45A1-90B4-2106C0C6CFF3}.Release.DLL|x64.ActiveCfg = Release|x64
		{1CAA53E7-81C5-45A1-90B4-2106C0C6CFF3}.Release.DLL|x64.Build.0 = Release|x64
		{1CAA53E7-81C5-45A1-90B4-2106C0C6CFF3}.Release.DLL|x86.ActiveCfg = Release|Win32
		{1CAA53E7-81C5-45A1-90B4-2106C0C6CFF3}.Release.DLL|x86.Build.0 = Release|Win32
		{1CAA53E7-81C5-45A1-90B4-2106C0C6CFF3}.Release|x64.ActiveCfg = Release|x64
		{1CAA53E7-81C5-45A1-90B4-2106C0C6CFF3}.Release|x64.Build.0 = Release|x64
		{1CAA53E7-81C5-45A1-90B4-2106C0C6CFF3}.Release|x86.ActiveCfg = Release|Win32
		{1CAA53E7-81C5-45A1-90B4-2106C0C6CFF3}.Release|x86.Build.0 = Release|Win32
		{06485734-F476-4F5D-8298-5E5779B18E10}.Debug.DLL|x64.ActiveCfg = Debug|x64
		{06485734-F476-4F5D-8298-5E5779B18E10}.Debug.DLL|x64.Build.0 = Debug|x64
		{06485734-F476-4F5D-8298-5E5779B18E10}.Debug.DLL|x86.ActiveCfg = Debug|Win32
		{06485734-F476-4F5D-8298-5E5779B18E10}.Debug.DLL|x86.Build.0 = Debug|Win32
		{06485734-F476-4F5D-8298-5E5779B18E10}.Debug|x64.ActiveCfg = Debug|x64
		{06485734-F476-4F5D-8298-5E5779B18E10}.Debug|x64.Build.0 = Debug|x64
		{06485734-F476-4F5D-8298-5E5779B18E10}.Debug|x86.ActiveCfg = Debug|Win32
		{06485734-F476-4F5D-8298-5E5779B18E10}.Debug|x86.Build.0 = Debug|Win32
		{06485734-F476-4F5D-8298-5E5779B18E10}.Release.DLL|x64.ActiveCfg = Release|x64
		{06485734-F476-4F5D-8298-5E5779B18E10}.Release.DLL|x64.Build.0 = Release|x64
		{06485734-F476-4F5D-8298-5E5779B18E10}.Release.DLL|x86.ActiveCfg = Release|Win32
		{06485734-F476-4F5D-8298-5E5779B18E10}.Release.DLL|x86.Build.0 = Release|Win32
		{06485734-F476-4F5D-8298-5E5779B18E10}.Release|x64.ActiveCfg = Release|x64
		{06485734-F476-4F5D-8298-5E5779B18E10}.Release|x64.Build.0 = Release|x64
		{06485734-F476-4F5D-8298-5E5779B18E10}.Release|x86.ActiveCfg = Release|Win32
		{06485734-F476-4F5D-8298-5E5779B18E10}.Release|x86.Build.0 = Release|Win32
		{FDE52867-8F9B-4331-B73B-ECBEC9CE7684}.Debug.DLL|x64.ActiveCfg = Debug|x64
		{FDE52867-8F9B-4331-B73B-ECBEC9CE7684}.Debug.DLL|x64.Build.0 = Debug|x64
		{FDE52867-8F9B-4331-B73B-ECBEC9CE7684}.Debug.DLL|x86.ActiveCfg = Debug|Win32
		{FDE52867-8F9B-4331-B73B-ECBEC9CE7684}.Debug.DLL|x86.Build.0 = Debug|Win32
		{FDE52867-8F9B-4331-B73B-ECBEC9CE7684}.Debug|x64.ActiveCfg = Debug|x64
		{FDE52867-8F9B-4331-B73B-ECBEC9CE7684}.Debug|x64.Build.0 = Debug|x64
		{FDE52867-8F9B-4331-B73B-ECBEC9CE7684}.Debug|x86.ActiveCfg = Debug|Win32
		{FDE52867-8F9B-4331-B73B-ECBEC9CE7684}.Debug|x86.Build.0 = Debug|Win32
		{FDE52867-8F9B-4331-B73B-ECBEC9CE7684}.Release.DLL|x64.ActiveCfg = Release|x64
		{FDE52867-8F9B-4331-B73B-ECBEC9CE7684}.Release.DLL|x64.Build.0 = Release|x64
		{FDE52867-8F9B-4331-B73B-ECBEC9CE7684}.Release.DLL|x86.ActiveCfg = Release|Win32
		{FDE52867-8F9B-4331-B73B-ECBEC9CE7684}.Release.DLL|x86.Build.0 = Release|Win32
		{FDE52867-8F9B-4331-B73B-ECBEC9CE7684}.Release|x64.ActiveCfg = Release|x64
		{FDE52867-8F9B-4331-B73B-ECBEC9CE7684}.Release|x64.Build.0 = Release|x64
		{FDE52867-8F9B-4331-B73B-ECBEC9CE7684}.Release|x86.ActiveCfg = Release|Win32
		{FDE52867-8F9B-4331-B73B-ECBEC9CE7684}.Release|x86.Build.0 = Release|Win32
		{4271DF97-4D90-496E-BC2C-A2F953A93CD6}.Debug.DLL|x64.ActiveCfg = Debug|x64
		{4271DF97-4D90-496E-BC2C-A2F953A93CD6}.Debug.DLL|x64.Build.0 = Debug|x64
		{4271DF97-4D90-496E-BC2C-A2F953A93CD6}.Debug.DLL|x86.ActiveCfg = Debug|Win32
		{4271DF97-4D90-496E-BC2C-A2F953A93CD6}.Debug.DLL|x86.Build.0 = Debug|Win32
		{4271DF97-4D90-496E-BC2C-A2F953A93CD6}.Debug|x64.ActiveCfg = Debug|x64
		{4271DF97-4D90-496E-BC2C-A2F953A93CD6}.Debug|x64.Build.0 = Debug|x64
		{4271DF97-4D90-496E-BC2C-A2F953A93CD6}.Debug|x86.ActiveCfg = Debug|Win32
		{4271DF97-4D90-496E-BC2C-A2F953A93CD6}.Debug|x86.Build.0 = Debug|Win32
		{4271DF97-4D90-496E-BC2C-A2F953A93CD6}.Release.DLL|x64.ActiveCfg = Release|x64
		{4271DF97-4D90-496E-BC2C-A2F953A93CD6}.Release.DLL|x64.Build.0 = Release|x64
		{4271DF97-4D90-496E-BC2C-A2F953A93CD6}.Release.DLL|x86.ActiveCfg = Release|Win32
		{4271DF97-4D90-496E-BC2C-A2F953A93CD6}.Release.DLL|x86.Build.0 = Release|Win32
		{4271DF97-4D90-496E-BC2C-A2F953A93CD6}.Release|x64.ActiveCfg = Release|x64
		{4271DF97-4D90-496E-BC2C-A2F953A93CD6}.Release|x64.Build.0 = Release|x64
		{4271DF97-4D90-496E-BC2C-A2F953A93CD6}.Release|x86.ActiveCfg = Release|Win32
		{4271DF97-4D90-496E-BC2C-A2F953A93CD6}.Release|x86.Build.0 = Release|Win32
		{A9B4C79C-8B1F-4C55-B3F4-67EC9CAE8E51}.Debug.DLL|x64.ActiveCfg = Debug|x64
		{A9B4C79C-8B1F-4C55-B3F4-67EC9CAE8E51}.Debug.DLL|x64.Build.0 = Debug|x64
		{A9B4C79C-8B1F-4C55-B3F4-67EC9CAE8E51}.Debug.DLL|x86.ActiveCfg = Debug|Win32
		{A9B4C79C-8B1F-4C55-B3F4-67EC9CAE8E51}.Debug.DLL|x86.Build.0 = Debug|Win32
		{A9B4C79C-8B1F-4C55-B3F4-67EC9CAE8E51}.Debug|x64.ActiveCfg = Debug|x64
		{A9B4C79C-8B1F-4C55-B3F4-67EC9CAE8E51}.Debug|x64.Build.0 = Debug|x64
		{A9B4C79C-8B1F-4C55-B3F4-67EC9CAE8E51}.Debug|x86.ActiveCfg = Debug|Win32
		{A9B4C79C-8B1F-4C55-B3F4-67EC9CAE8E51}.Debug|x86.Build.0 = Debug|Win32
		{A9B4C79C-8B1F-4C55-B3F4-67EC9CAE8E51}.Release.DLL|x64.ActiveCfg = Release|x64
		{A9B4C79C-8B1F-4C55-B3F4-67EC9CAE8E51}.Release.DLL|x64.Build.0 = Release|x64
		{A9B4C79C-8B1F-4C55-B3F4-67EC9CAE8E51}.Release.DLL|x86.ActiveCfg = Release|Win32
		{A9B4C79C-8B1F-4C55-B3F4-67EC9CAE8E51}.Release.DLL|x86.Build.0 = Release|Win32
		{A9B4C79C-8B1F-4C55-B3F4-67EC9CAE8E51}.Release|x64.ActiveCfg = Release|x64
		{A9B4C79C-8B1F-4C55-B3F4-67EC9CAE8E51}.Release|x64.Build.0 = Release|x64
		{A9B4C79C-8B1F-4C55-B3F4-67EC9CAE8E51}.Release|x86.ActiveCfg = Release|Win32
		{A9B4C79C-8B1F-4C55-B3F4-67EC9CAE8E51}.Release|x86.Build.0 = Release|Win32
		{2D3BB978-632F-43E2-A690-507B9B211DE4}.Debug.DLL|x64.ActiveCfg = Debug|x64
		{2D3BB978-632F-43E2-A690-507B9B211DE4}.Debug.DLL|x64.Build.0 = Debug|x64
		{2D3BB978-632F-43E2-A690-507B9B211DE4}.Debug.DLL|x86.ActiveCfg = Debug|Win32
		{2D3BB978-632F-43E2-A690-507B9B211DE4}.Debug.DLL|x86.Build.0 = Debug|Win32
		{2D3BB978-632F-43E2-A690-507B9B211DE4}.Debug|x64.ActiveCfg = Debug|x64
		{2D3BB978-632F-43E2-A690-507B9B211DE4}.Debug|x64.Build.0 = Debug|x64
		{2D3BB978-632F-43E2-A690-507B9B211DE4}.Debug|x86.ActiveCfg = Debug|Win32
		{2D3BB978-632F-43E2-A690-507B9B211DE4}.Debug|x86.Build.0 = Debug|Win32
		{2D3BB978-632F-43E2-A690-507B9B211DE4}.Release.DLL|x64.ActiveCfg = Release|x64
		{2D3BB978-632F-43E2-A690-507B9B211DE4}.Release.DLL|x64.Build.0 = Release|x64
		{2D3BB978-632F-43E2-A690-507B9B211DE4}.Release.DLL|x86.ActiveCfg = Release|Win32
		{2D3BB978-632F-43E2-A690-507B9B211DE4}.Release.DLL|x86.Build.0 = Release|Win32
		{2D3BB978-632F-43E2-A690-507B9B211DE4}.Release|x64.ActiveCfg = Release|x64
		{2D3BB978-632F-43E2-A690-507B9B211DE4}.Release|x64.Build.0 = Release|x64
		{2D3BB978-632F-43E2-A690-507B9B211DE4}.Release|x86.ActiveCfg = Release|Win32
		{2D3BB978-632F-43E2-A690-507B9B211DE4}.Release|x86.Build.0 = Release|Win32
		{60524641-77F9-46E3-BEB5-5BB504CE2119}.Debug.DLL|x64.ActiveCfg = Debug|x64
		{60524641-77F9-46E3-BEB5-5BB504CE2119}.Debug.DLL|x64.Build.0 = Debug|x64
		{60524641-77F9-46E3-BEB5-5BB504CE2119}.Debug.DLL|x86.ActiveCfg = Debug|Win32
		{60524641-77F9-46E3-BEB5-5BB504CE2119}.Debug.DLL|x86.Build.0 = Debug|Win32
		{60524641-77F9-46E3-BEB5-5BB504CE2119}.Debug|x64.ActiveCfg = Debug|x64
		{60524641-77F9-46E3-BEB5-5BB504CE2119}.Debug|x64.Build.0 = Debug|x64
		{60524641-77F9-46E3-BEB5-5BB504CE2119}.Debug|x86.ActiveCfg = Debug|Win32
		{60524641-77F9-46E3-BEB5-5BB504CE2119}.Debug|x86.Build.0 = Debug|Win32
		{60524641-77F9-46E3-BEB5-5BB504CE2119}.Release.DLL|x64.ActiveCfg = Release|x64
		{60524641-77F9-46E3-BEB5-5BB504CE2119}.Release.DLL|x64.Build.0 = Release|x64
		{60524641-77F9-46E3-BEB5-5BB504CE2119}.Release.DLL|x86.ActiveCfg = Release|Win32
		{60524641-77F9-46E3-BEB5-5BB504CE2119}.Release.DLL|x86.Build.0 = Release|Win32
		{60524641-77F9-46E3-BEB5-5BB504CE2119}.Release|x64.ActiveCfg = Release|x64
		{60524641-77F9-46E3-BEB5-5BB504CE2119}.Release|x64.Build.0 = Release|x64
		{60524641-77F9-46E3-BEB5-5BB504CE2119}.Release|x86.ActiveCfg = Release|Win32
		{60524641-77F9-46E3-BEB5-5BB504CE2119}.Release|x86.Build.0 = Release|Win32
		{2F115DF0-1363-4747-86A3-08DA7B5937E4}.Debug.DLL|x64.ActiveCfg = Debug|x64
		{2F115DF0-1363-4747-86A3-08DA7B5937E4}.Debug.DLL|x64.Build.0 = Debug|x64
		{2F115DF0-1363-4747-86A3-08DA7B5937E4}.Debug.DLL|x86.ActiveCfg = Debug|Win32
		{2F115DF0-1363-4747-86A3-08DA7B5937E4}.Debug.DLL|x86.Build.0 = Debug|Win32
		{2F115DF0-1363-4747-86A3-08DA7B5937E4}.Debug|x64.ActiveCfg = Debug|x64
		{2F115DF0-1363-4747-86A3-08DA7B5937E4}.Debug|x64.Build.0 = Debug|x64
		{2F115DF0-1363-4747-86A3-08DA7B5937E4}.Debug|x86.ActiveCfg = Debug|Win32
		{2F115DF0-1363-4747-86A3-08DA7B5937E4}.Debug|x86.Build.0 = Debug|Win32
		{2F115DF0-1363-4747-86A3-08DA7B5937E4}.Release.DLL|x64.ActiveCfg = Release|x64
		{2F115DF0-1363-4747-86A3-08DA7B5937E4}.Release.DLL|x64.Build.0 = Release|x64
		{2F115DF0-1363-4747-86A3-08DA7B5937E4}.Release.DLL|x86.ActiveCfg = Release|Win32
		{2F115DF0-1363-4747-86A3-08DA7B5937E4}.Release.DLL|x86.Build.0 = Release|Win32
		{2F115DF0-1363-4747-86A3-08DA7B5937E4}.Release|x64.ActiveCfg = Release|x64
		{2F115DF0-1363-4747-86A3-08DA7B5937E4}.Release|x64.Build.0 = Release|x64
		{2F115DF0-1363-4747-86A3-08DA7B5937E4}.Release|x86.ActiveCfg = Release|Win32
		{2F115DF0-1363-4747-86A3-08DA7B5937E4}.Release|x86.Build.0 = Release|Win32
		{84741CA4-535D-41C0-A86F-7A71569B1E33}.Debug.DLL|x64.ActiveCfg = Debug|x64
		{84741CA4-535D-41C0-A86F-7A71569B1E33}.Debug.DLL|x64.Build.0 = Debug|x64
		{84741CA4-535D-41C0-A86F-7A71569B1E33}.Debug.DLL|x86.ActiveCfg = Debug|Win32
		{84741CA4-535D-41C0-A86F-7A71569B1E33}.Debug.DLL|x86.Build.0 = Debug|Win32
		{84741CA4-535D-41C0-A86F-7A71569B1E33}.Debug|x64.ActiveCfg = Debug|x64
		{84741CA4-535D-41C0-A86F-7A71569B1E33}.Debug|x64.Build.0 = Debug|x64
		{84741CA4-535D-41C0-A86F-7A71569B1E33}.Debug|x86.ActiveCfg = Debug|Win32
		{84741CA4-535D-41C0-A86F-7A71569B1E33}.Debug|x86.Build.0 = Debug|Win32
		{84741CA4-535D-41C0-A86F-7A71569B1E33}.Release.DLL|x64.ActiveCfg = Release|x64
		{84741CA4-535D-41C0-A86F-7A71569B1E33}.Release.DLL|x64.Build.0 = Release|x64
		{84741CA4-535D-41C0-A86F-7A71569B1E33}.Release.DLL|x86.ActiveCfg = Release|Win32
		{84741CA4-535D-41C0-A86F-7A71569B1E33}.Release.DLL|x86.Build.0 = Release|Win32
		{84741CA4-535D-41C0-A86F-7A71569B1E33}.Release|x64.ActiveCfg = Release|x64
		{84741CA4-535D-41C0-A86F-7A71569B1E33}.Release|x64.Build.0 = Release|x64
		{84741CA4-535D-41C0-A86F-7A71569B1E33}.Release|x86.ActiveCfg = Release|Win32
		{84741CA4-535D-41C0-A86F-7A71569B1E33}.Release|x86.Build.0 = Release|Win32
		{875C8DA9-F782-490C-AB97-2A0BD88504D0}.Debug.DLL|x64.ActiveCfg = Debug|x64
		{875C8DA9-F782-490C-AB97-2A0BD88504D0}.Debug.DLL|x64.Build.0 = Debug|x64
		{875C8DA9-F782-490C-AB97-2A0BD88504D0}.Debug.DLL|x86.ActiveCfg = Debug|Win32
		{875C8DA9-F782-490C-AB97-2A0BD88504D0}.Debug.DLL|x86.Build.0 = Debug|Win32
		{875C8DA9-F782-490C-AB97-2A0BD88504D0}.Debug|x64.ActiveCfg = Debug|x64
		{875C8DA9-F782-490C-AB97-2A0BD88504D0}.Debug|x64.Build.0 = Debug|x64
		{875C8DA9-F782-490C-AB97-2A0BD88504D0}.Debug|x86.ActiveCfg = Debug|Win32
		{875C8DA9-F782-490C-AB97-2A0BD88504D0}.Debug|x86.Build.0 = Debug|Win32
		{875C8DA9-F782-490C-AB97-2A0BD88504D0}.Release.DLL|x64.ActiveCfg = Release|x64
		{875C8DA9-F782-490C-AB97-2A0BD88504D0}.Release.DLL|x64.Build.0 = Release|x64
		{875C8DA9-F782-490C-AB97-2A0BD88504D0}.Release.DLL|x86.ActiveCfg = Release|Win32
		{875C8DA9-F782-490C-AB97-2A0BD88504D0}.Release.DLL|x86.Build.0 = Release|Win32
		{875C8DA9-F782-490C-AB97-2A0BD88504D0}.Release|x64.ActiveCfg = Release|x64
		{875C8DA9-F782-490C-AB97-2A0BD88504D0}.Release|x64.Build.0 = Release|x64
		{875C8DA9-F782-490C-AB97-2A0BD88504D0}.Release|x86.ActiveCfg = Release|Win32
		{875C8DA9-F782-490C-AB97-2A0BD88504D0}.Release|x86.Build.0 = Release|Win32
		{A76C8F6D-963F-4A1B-9711-4453029BE877}.Debug.DLL|x64.ActiveCfg = Debug|x64
		{A76C8F6D-963F-4A1B-9711-4453029BE877}.Debug.DLL|x64.Build.0 = Debug|x64
		{A76C8F6D-963F-4A1B-9711-4453029BE877}.Debug.DLL|x86.ActiveCfg = Debug|Win32
		{A76C8F6D-963F-4A1B-9711-4453029BE877}.Debug.DLL|x86.Build.0 = Debug|Win32
		{A76C8F6D-963F-4A1B-9711-4453029BE877}.Debug|x64.ActiveCfg = Debug|x64
		{A76C8F6D-963F-4A1B-9711-4453029BE877}.Debug|x64.Build.0 = Debug|x64
		{A76C8F6D-963F-4A1B-9711-4453029BE877}.Debug|x86.ActiveCfg = Debug|Win32
		{A76C8F6D-963F-4A1B-9711-4453029BE877}.Debug|x86.Build.0 = Debug|Win32
		{A76C8F6D-963F-4A1B-9711-4453029BE877}.Release.DLL|x64.ActiveCfg = Release|x64
		{A76C8F6D-963F-4A1B-9711-4453029BE877}.Release.DLL|x64.Build.0 = Release|x64
		{A76C8F6D-963F-4A1B-9711-4453029BE877}.Release.DLL|x86.ActiveCfg = Release|Win32
		{A76C8F6D-963F-4A1B-9711-4453029BE877}.Release.DLL|x86.Build.0 = Release|Win32
		{A76C8F6D-963F-4A1B-9711-4453029BE877}.Release|x64.ActiveCfg = Release|x64
		{A76C8F6D-963F-4A1B-9711-4453029BE877}.Release|x64.Build.0 = Release|x64
		{A76C8F6D-963F-4A1B-9711-4453029BE877}.Release|x86.ActiveCfg = Release|Win32
		{A76C8F6D-963F-4A1B-9711-4453029BE877}.Release|x86.Build.0 = Release|Win32
		{1152D0C4-3EC3-4345-B127-27B79BA00B83}.Debug.DLL|x64.ActiveCfg = Debug|x64
		{1152D0C4-3EC3-4345-B127-27B79BA00B83}.Debug.DLL|x64.Build.0 = Debug|x64
		{1152D0C4-3EC3-4345-B127-27B79BA00B83}.Debug.DLL|x86.ActiveCfg = Debug|Win32
		{1152D0C4-3EC3-4345-B127-27B79BA00B83}.Debug.DLL|x86.Build.0 = Debug|Win32
		{1152D0C4-3EC3-4345-B127-27B79BA00B83}.Debug|x64.ActiveCfg = Debug|x64
		{1152D0C4-3EC3-4345-B127-27B79BA00B83}.Debug|x64.Build.0 = Debug|x64
		{1152D0C4-3EC3-4345-B127-27B79BA00B83}.Debug|x86.ActiveCfg = Debug|Win32
		{1152D0C4-3EC3-4345-B127-27B79BA00B83}.Debug|x86.Build.0 = Debug|Win32
		{1152D0C4-3EC3-4345-B127-27B79BA00B83}.Release.DLL|x64.ActiveCfg = Release|x64
		{1152D0C4-3EC3-4345-B127-27B79BA00B83}.Release.DLL|x64.Build.0 = Release|x64
		{1152D0C4-3EC3-4345-B127-27B79BA00B83}.Release.DLL|x86.ActiveCfg = Release|Win32
		{1152D0C4-3EC3-4345-B127-27B79BA00B83}.Release.DLL|x86.Build.0 = Release|Win32
		{1152D0C4-3EC3-4345-B127-27B79BA00B83}.Release|x64.ActiveCfg = Release|x64
		{1152D0C4-3EC3-4345-B127-27B79BA00B83}.Release|x64.Build.0 = Release|x64
		{1152D0C4-3EC3-4345-B127-27B79BA00B83}.Release|x86.ActiveCfg = Release|Win32
		{1152D0C4-3EC3-4345-B127-27B79BA00B83}.Release|x86.Build.0 = Release|Win32
		{25204467-C9E0-49E7-8187-F72810EEFCE5}.Debug.DLL|x64.ActiveCfg = Debug|x64
		{25204467-C9E0-49E7-8187-F72810EEFCE5}.Debug.DLL|x64.Build.0 = Debug|x64
		{25204467-C9E0-49E7-8187-F72810EEFCE5}.Debug.DLL|x86.ActiveCfg = Debug|Win32
		{25204467-C9E0-49E7-8187-F72810EEFCE5}.Debug.DLL|x86.Build.0 = Debug|Win32
		{25204467-C9E0-49E7-8187-F72810EEFCE5}.Debug|x64.ActiveCfg = Debug|x64
		{25204467-C9E0-49E7-8187-F72810EEFCE5}.Debug|x64.Build.0 = Debug|x64
		{25204467-C9E0-49E7-8187-F72810EEFCE5}.Debug|x86.ActiveCfg = Debug|Win32
		{25204467-C9E0-49E7-8187-F72810EEFCE5}.Debug|x86.Build.0 = Debug|Win32
		{25204467-C9E0-49E7-8187-F72810EEFCE5}.Release.DLL|x64.ActiveCfg = Release|x64
		{25204467-C9E0-49E7-8187-F72810EEFCE5}.Release.DLL|x64.Build.0 = Release|x64
		{25204467-C9E0-49E7-8187-F72810EEFCE5}.Release.DLL|x86.ActiveCfg = Release|Win32
		{25204467-C9E0-49E7-8187-F72810EEFCE5}.Release.DLL|x86.Build.0 = Release|Win32
		{25204467-C9E0-49E7-8187-F72810EEFCE5}.Release|x64.ActiveCfg = Release|x64
		{25204467-C9E0-49E7-8187-F72810EEFCE5}.Release|x64.Build.0 = Release|x64
		{25204467-C9E0-49E7-8187-F72810EEFCE5}.Release|x86.ActiveCfg = Release|Win32
		{25204467-C9E0-49E7-8187-F72810EEFCE5}.Release|x86.Build.0 = Release|Win32
		{B9CCB601-5300-489B-9139-B714C503B727}.Debug.DLL|x64.ActiveCfg = Debug|x64
		{B9CCB601-5300-489B-9139-B714C503B727}.Debug.DLL|x64.Build.0 = Debug|x64
		{B9CCB601-5300-489B-9139-B714C503B727}.Debug.DLL|x86.ActiveCfg = Debug|Win32
		{B9CCB601-5300-489B-9139-B714C503B727}.Debug.DLL|x86.Build.0 = Debug|Win32
		{B9CCB601-5300-489B-9139-B714C503B727}.Debug|x64.ActiveCfg = Debug|x64
		{B9CCB601-5300-489B-9139-B714C503B727}.Debug|x64.Build.0 = Debug|x64
		{B9CCB601-5300-489B-9139-B714C503B727}.Debug|x86.ActiveCfg = Debug|Win32
		{B9CCB601-5300-489B-9139-B714C503B727}.Debug|x86.Build.0 = Debug|Win32
		{B9CCB601-5300-489B-9139-B714C503B727}.Release.DLL|x64.ActiveCfg = Release|x64
		{B9CCB601-5300-489B-9139-B714C503B727}.Release.DLL|x64.Build.0 = Release|x64
		{B9CCB601-5300-489B-9139-B714C503B727}.Release.DLL|x86.ActiveCfg = Release|Win32
		{B9CCB601-5300-489B-9139-B714C503B727}.Release.DLL|x86.Build.0 = Release|Win32
		{B9CCB601-5300-489B-9139-B714C503B727}.Release|x64.ActiveCfg = Release|x64
		{B9CCB601-5300-489B-9139-B714C503B727}.Release|x64.Build.0 = Release|x64
		{B9CCB601-5300-489B-9139-B714C503B727}.Release|x86.ActiveCfg = Release|Win32
		{B9CCB601-5300-489B-9139-B714C503B727}.Release|x86.Build.0 = Release|Win32
		{B62E92FA-1788-483C-97DD-825254D0A4AB}.Debug.DLL|x64.ActiveCfg = Debug|x64
		{B62E92FA-1788-483C-97DD-825254D0A4AB}.Debug.DLL|x64.Build.0 = Debug|x64
		{B62E92FA-1788-483C-97DD-825254D0A4AB}.Debug.DLL|x86.ActiveCfg = Debug|Win32
		{B62E92FA-1788-483C-97DD-825254D0A4AB}.Debug.DLL|x86.Build.0 = Debug|Win32
		{B62E92FA-1788-483C-97DD-825254D0A4AB}.Debug|x64.ActiveCfg = Debug|x64
		{B62E92FA-1788-483C-97DD-825254D0A4AB}.Debug|x64.Build.0 = Debug|x64
		{B62E92FA-1788-483C-97DD-825254D0A4AB}.Debug|x86.ActiveCfg = Debug|Win32
		{B62E92FA-1788-483C-97DD-825254D0A4AB}.Debug|x86.Build.0 = Debug|Win32
		{B62E92FA-1788-483C-97DD-825254D0A4AB}.Release.DLL|x64.ActiveCfg = Release|x64
		{B62E92FA-1788-483C-97DD-825254D0A4AB}.Release.DLL|x64.Build.0 = Release|x64
		{B62E92FA-1788-483C-97DD-825254D0A4AB}.Release.DLL|x86.ActiveCfg = Release|Win32
		{B62E92FA-1788-483C-97DD-825254D0A4AB}.Release.DLL|x86.Build.0 = Release|Win32
		{B62E92FA-1788-483C-97DD-825254D0A4AB}.Release|x64.ActiveCfg = Release|x64
		{B62E92FA-1788-483C-97DD-825254D0A4AB}.Release|x64.Build.0 = Release|x64
		{B62E92FA-1788-483C-97DD-825254D0A4AB}.Release|x86.ActiveCfg = Release|Win32
		{B62E92FA-1788-483C-97DD-825254D0A4AB}.Release|x86.Build.0 = Release|Win32
	EndGlobalSection
	GlobalSection(SolutionProperties) = preSolution
		HideSolutionNode = FALSE
	EndGlobalSection
	GlobalSection(ExtensibilityGlobals) = postSolution
		SolutionGuid = {68937741-B431-4666-93DC-A2847C611529}
	EndGlobalSection
EndGlobal
